// !$*UTF8*$!
{
	archiveVersion = 1;
	classes = {
	};
	objectVersion = 46;
	objects = {

/* Begin PBXBuildFile section */
		986c0eeb17621fed94ad2fd2efdbf0ba /* glm.cpp in Sources */ = {isa = PBXBuildFile; fileRef = 19371a2b049f902f7f62576db662e98d /* glm.cpp */; };
		BBAB23CB13894F3D00AA2426 /* GLUT.framework in CopyFiles */ = {isa = PBXBuildFile; fileRef = BBAB23BE13894E4700AA2426 /* GLUT.framework */; };
		E4328149138ABC9F0047C5CB /* openFrameworksDebug.a in Frameworks */ = {isa = PBXBuildFile; fileRef = E4328148138ABC890047C5CB /* openFrameworksDebug.a */; };
		E45BE97B0E8CC7DD009D7055 /* AGL.framework in Frameworks */ = {isa = PBXBuildFile; fileRef = E45BE9710E8CC7DD009D7055 /* AGL.framework */; };
		E45BE97C0E8CC7DD009D7055 /* ApplicationServices.framework in Frameworks */ = {isa = PBXBuildFile; fileRef = E45BE9720E8CC7DD009D7055 /* ApplicationServices.framework */; };
		E45BE97D0E8CC7DD009D7055 /* AudioToolbox.framework in Frameworks */ = {isa = PBXBuildFile; fileRef = E45BE9730E8CC7DD009D7055 /* AudioToolbox.framework */; };
		E45BE97F0E8CC7DD009D7055 /* CoreAudio.framework in Frameworks */ = {isa = PBXBuildFile; fileRef = E45BE9750E8CC7DD009D7055 /* CoreAudio.framework */; };
		E45BE9800E8CC7DD009D7055 /* CoreFoundation.framework in Frameworks */ = {isa = PBXBuildFile; fileRef = E45BE9760E8CC7DD009D7055 /* CoreFoundation.framework */; };
		E45BE9810E8CC7DD009D7055 /* CoreServices.framework in Frameworks */ = {isa = PBXBuildFile; fileRef = E45BE9770E8CC7DD009D7055 /* CoreServices.framework */; };
		E45BE9830E8CC7DD009D7055 /* OpenGL.framework in Frameworks */ = {isa = PBXBuildFile; fileRef = E45BE9790E8CC7DD009D7055 /* OpenGL.framework */; };
		E45BE9840E8CC7DD009D7055 /* QuickTime.framework in Frameworks */ = {isa = PBXBuildFile; fileRef = E45BE97A0E8CC7DD009D7055 /* QuickTime.framework */; };
		E4B69E200A3A1BDC003C02F2 /* main.cpp in Sources */ = {isa = PBXBuildFile; fileRef = E4B69E1D0A3A1BDC003C02F2 /* main.cpp */; };
		E4B69E210A3A1BDC003C02F2 /* ofApp.cpp in Sources */ = {isa = PBXBuildFile; fileRef = E4B69E1E0A3A1BDC003C02F2 /* ofApp.cpp */; };
		E4C2424710CC5A17004149E2 /* AppKit.framework in Frameworks */ = {isa = PBXBuildFile; fileRef = E4C2424410CC5A17004149E2 /* AppKit.framework */; };
		E4C2424810CC5A17004149E2 /* Cocoa.framework in Frameworks */ = {isa = PBXBuildFile; fileRef = E4C2424510CC5A17004149E2 /* Cocoa.framework */; };
		E4C2424910CC5A17004149E2 /* IOKit.framework in Frameworks */ = {isa = PBXBuildFile; fileRef = E4C2424610CC5A17004149E2 /* IOKit.framework */; };
		E4EB6799138ADC1D00A09F29 /* GLUT.framework in Frameworks */ = {isa = PBXBuildFile; fileRef = BBAB23BE13894E4700AA2426 /* GLUT.framework */; };
		E7E077E515D3B63C0020DFD4 /* CoreVideo.framework in Frameworks */ = {isa = PBXBuildFile; fileRef = E7E077E415D3B63C0020DFD4 /* CoreVideo.framework */; };
		E7E077E815D3B6510020DFD4 /* QTKit.framework in Frameworks */ = {isa = PBXBuildFile; fileRef = E7E077E715D3B6510020DFD4 /* QTKit.framework */; };
		E7F985F815E0DEA3003869B5 /* Accelerate.framework in Frameworks */ = {isa = PBXBuildFile; fileRef = E7F985F515E0DE99003869B5 /* Accelerate.framework */; };
		d81a478266bfda2c676f055198843c9a /* ofxBundlerViewer.cpp in Sources */ = {isa = PBXBuildFile; fileRef = 22fcdf67452e1c62fa0f27baac95cf17 /* ofxBundlerViewer.cpp */; };
		fc1a61db01f3c9f77ad8db7fa7ac1c56 /* sfmCamera.cpp in Sources */ = {isa = PBXBuildFile; fileRef = a21e7535a37381fd7fdafb9bda50a9cb /* sfmCamera.cpp */; };
/* End PBXBuildFile section */

/* Begin PBXContainerItemProxy section */
		E4328147138ABC890047C5CB /* PBXContainerItemProxy */ = {
			isa = PBXContainerItemProxy;
			containerPortal = E4328143138ABC890047C5CB /* openFrameworksLib.xcodeproj */;
			proxyType = 2;
			remoteGlobalIDString = E4B27C1510CBEB8E00536013;
			remoteInfo = openFrameworks;
		};
		E4EEB9AB138B136A00A80321 /* PBXContainerItemProxy */ = {
			isa = PBXContainerItemProxy;
			containerPortal = E4328143138ABC890047C5CB /* openFrameworksLib.xcodeproj */;
			proxyType = 1;
			remoteGlobalIDString = E4B27C1410CBEB8E00536013;
			remoteInfo = openFrameworks;
		};
/* End PBXContainerItemProxy section */

/* Begin PBXCopyFilesBuildPhase section */
		E4C2427710CC5ABF004149E2 /* CopyFiles */ = {
			isa = PBXCopyFilesBuildPhase;
			buildActionMask = 2147483647;
			dstPath = "";
			dstSubfolderSpec = 10;
			files = (
				BBAB23CB13894F3D00AA2426 /* GLUT.framework in CopyFiles */,
			);
			runOnlyForDeploymentPostprocessing = 0;
		};
/* End PBXCopyFilesBuildPhase section */

/* Begin PBXFileReference section */
		003fd780f83e52cfea2f6b1cf3a17504 /* func_vector_relational.hpp */ = {isa = PBXFileReference; explicitFileType = sourcecode.c.h; fileEncoding = 30; name = func_vector_relational.hpp; path = ../../../../../../Patricio/Desktop/openFrameworks/addons/ofxBundle/libs/glm/detail/func_vector_relational.hpp; sourceTree = SOURCE_ROOT; };
		019cff803b4f2a78f868c4bce9bb60cc /* geometric.hpp */ = {isa = PBXFileReference; explicitFileType = sourcecode.c.h; fileEncoding = 30; name = geometric.hpp; path = ../../../../../../Patricio/Desktop/openFrameworks/addons/ofxBundle/libs/glm/geometric.hpp; sourceTree = SOURCE_ROOT; };
		01b215d8193a39215015d7d9baac018e /* func_trigonometric.hpp */ = {isa = PBXFileReference; explicitFileType = sourcecode.c.h; fileEncoding = 30; name = func_trigonometric.hpp; path = ../../../../../../Patricio/Desktop/openFrameworks/addons/ofxBundle/libs/glm/detail/func_trigonometric.hpp; sourceTree = SOURCE_ROOT; };
		03a96c493ca6ce628c7d0e4fac078f78 /* vec3.hpp */ = {isa = PBXFileReference; explicitFileType = sourcecode.c.h; fileEncoding = 30; name = vec3.hpp; path = ../../../../../../Patricio/Desktop/openFrameworks/addons/ofxBundle/libs/glm/vec3.hpp; sourceTree = SOURCE_ROOT; };
		072a44cf0ab52798f447381bf8043120 /* sfmCamera.h */ = {isa = PBXFileReference; explicitFileType = sourcecode.c.h; fileEncoding = 30; name = sfmCamera.h; path = ../../../../../../Patricio/Desktop/openFrameworks/addons/ofxBundle/src/sfmCamera.h; sourceTree = SOURCE_ROOT; };
		0f366e5914d7e3951f3be21bcb0a10fb /* dual_quaternion.hpp */ = {isa = PBXFileReference; explicitFileType = sourcecode.c.h; fileEncoding = 30; name = dual_quaternion.hpp; path = ../../../../../../Patricio/Desktop/openFrameworks/addons/ofxBundle/libs/glm/gtx/dual_quaternion.hpp; sourceTree = SOURCE_ROOT; };
		0f45342f4674cba07957666157116337 /* mat3x3.hpp */ = {isa = PBXFileReference; explicitFileType = sourcecode.c.h; fileEncoding = 30; name = mat3x3.hpp; path = ../../../../../../Patricio/Desktop/openFrameworks/addons/ofxBundle/libs/glm/mat3x3.hpp; sourceTree = SOURCE_ROOT; };
		116355400db619d88e1d5bf369648d1f /* intrinsic_matrix.hpp */ = {isa = PBXFileReference; explicitFileType = sourcecode.c.h; fileEncoding = 30; name = intrinsic_matrix.hpp; path = ../../../../../../Patricio/Desktop/openFrameworks/addons/ofxBundle/libs/glm/detail/intrinsic_matrix.hpp; sourceTree = SOURCE_ROOT; };
		11be93da23113204889572fb7e06f5f3 /* type_vec.hpp */ = {isa = PBXFileReference; explicitFileType = sourcecode.c.h; fileEncoding = 30; name = type_vec.hpp; path = ../../../../../../Patricio/Desktop/openFrameworks/addons/ofxBundle/libs/glm/detail/type_vec.hpp; sourceTree = SOURCE_ROOT; };
		13dda5316d418a767d99c3e5cb82d3ee /* intrinsic_vector_relational.hpp */ = {isa = PBXFileReference; explicitFileType = sourcecode.c.h; fileEncoding = 30; name = intrinsic_vector_relational.hpp; path = ../../../../../../Patricio/Desktop/openFrameworks/addons/ofxBundle/libs/glm/detail/intrinsic_vector_relational.hpp; sourceTree = SOURCE_ROOT; };
		14acd659c74c1cc5aa4103c2e8416900 /* common.hpp */ = {isa = PBXFileReference; explicitFileType = sourcecode.c.h; fileEncoding = 30; name = common.hpp; path = ../../../../../../Patricio/Desktop/openFrameworks/addons/ofxBundle/libs/glm/common.hpp; sourceTree = SOURCE_ROOT; };
		14fc66e9727e5db842fcd2bcb77d6a6a /* setup.hpp */ = {isa = PBXFileReference; explicitFileType = sourcecode.c.h; fileEncoding = 30; name = setup.hpp; path = ../../../../../../Patricio/Desktop/openFrameworks/addons/ofxBundle/libs/glm/detail/setup.hpp; sourceTree = SOURCE_ROOT; };
		19106182d85d96424ce4f92bdaea2ebb /* matrix_transform_2d.hpp */ = {isa = PBXFileReference; explicitFileType = sourcecode.c.h; fileEncoding = 30; name = matrix_transform_2d.hpp; path = ../../../../../../Patricio/Desktop/openFrameworks/addons/ofxBundle/libs/glm/gtx/matrix_transform_2d.hpp; sourceTree = SOURCE_ROOT; };
		19371a2b049f902f7f62576db662e98d /* glm.cpp */ = {isa = PBXFileReference; explicitFileType = sourcecode.cpp.cpp; fileEncoding = 30; name = glm.cpp; path = ../../../../../../Patricio/Desktop/openFrameworks/addons/ofxBundle/libs/glm/detail/glm.cpp; sourceTree = SOURCE_ROOT; };
		19b46be6b148a1a1be5d19e154f91a1f /* type_vec2.hpp */ = {isa = PBXFileReference; explicitFileType = sourcecode.c.h; fileEncoding = 30; name = type_vec2.hpp; path = ../../../../../../Patricio/Desktop/openFrameworks/addons/ofxBundle/libs/glm/detail/type_vec2.hpp; sourceTree = SOURCE_ROOT; };
		1b2ff0257041c9a44d651f6809fba93d /* hint.hpp */ = {isa = PBXFileReference; explicitFileType = sourcecode.c.h; fileEncoding = 30; name = hint.hpp; path = ../../../../../../Patricio/Desktop/openFrameworks/addons/ofxBundle/libs/glm/detail/hint.hpp; sourceTree = SOURCE_ROOT; };
		1b9128000e87d6ca041aef21b7602991 /* type_mat2x4.hpp */ = {isa = PBXFileReference; explicitFileType = sourcecode.c.h; fileEncoding = 30; name = type_mat2x4.hpp; path = ../../../../../../Patricio/Desktop/openFrameworks/addons/ofxBundle/libs/glm/detail/type_mat2x4.hpp; sourceTree = SOURCE_ROOT; };
		1ec050fa4d137ccffed03f727d3e0d42 /* simd_quat.hpp */ = {isa = PBXFileReference; explicitFileType = sourcecode.c.h; fileEncoding = 30; name = simd_quat.hpp; path = ../../../../../../Patricio/Desktop/openFrameworks/addons/ofxBundle/libs/glm/gtx/simd_quat.hpp; sourceTree = SOURCE_ROOT; };
		1f6bed12ae88965080559b1753af6aa6 /* fast_trigonometry.hpp */ = {isa = PBXFileReference; explicitFileType = sourcecode.c.h; fileEncoding = 30; name = fast_trigonometry.hpp; path = ../../../../../../Patricio/Desktop/openFrameworks/addons/ofxBundle/libs/glm/gtx/fast_trigonometry.hpp; sourceTree = SOURCE_ROOT; };
		22fcdf67452e1c62fa0f27baac95cf17 /* ofxBundlerViewer.cpp */ = {isa = PBXFileReference; explicitFileType = sourcecode.cpp.cpp; fileEncoding = 30; name = ofxBundlerViewer.cpp; path = ../../../../../../Patricio/Desktop/openFrameworks/addons/ofxBundle/src/ofxBundlerViewer.cpp; sourceTree = SOURCE_ROOT; };
		2595970b9bc1a930bf49e0d0682b3090 /* mixed_product.hpp */ = {isa = PBXFileReference; explicitFileType = sourcecode.c.h; fileEncoding = 30; name = mixed_product.hpp; path = ../../../../../../Patricio/Desktop/openFrameworks/addons/ofxBundle/libs/glm/gtx/mixed_product.hpp; sourceTree = SOURCE_ROOT; };
		291aaf522d88d06aad9584d8d3b4ae4c /* noise.hpp */ = {isa = PBXFileReference; explicitFileType = sourcecode.c.h; fileEncoding = 30; name = noise.hpp; path = ../../../../../../Patricio/Desktop/openFrameworks/addons/ofxBundle/libs/glm/gtx/noise.hpp; sourceTree = SOURCE_ROOT; };
		2e8afd891de7aeb3bb907b52b4d20589 /* fast_exponential.hpp */ = {isa = PBXFileReference; explicitFileType = sourcecode.c.h; fileEncoding = 30; name = fast_exponential.hpp; path = ../../../../../../Patricio/Desktop/openFrameworks/addons/ofxBundle/libs/glm/gtx/fast_exponential.hpp; sourceTree = SOURCE_ROOT; };
		2f6d03f0fd266d7a06581e96cff61637 /* random.hpp */ = {isa = PBXFileReference; explicitFileType = sourcecode.c.h; fileEncoding = 30; name = random.hpp; path = ../../../../../../Patricio/Desktop/openFrameworks/addons/ofxBundle/libs/glm/gtx/random.hpp; sourceTree = SOURCE_ROOT; };
		30755acc1fc75ff2413b80389086c84f /* log_base.hpp */ = {isa = PBXFileReference; explicitFileType = sourcecode.c.h; fileEncoding = 30; name = log_base.hpp; path = ../../../../../../Patricio/Desktop/openFrameworks/addons/ofxBundle/libs/glm/gtx/log_base.hpp; sourceTree = SOURCE_ROOT; };
		31c53ccca0362c9fad4c732057445d2b /* func_integer.hpp */ = {isa = PBXFileReference; explicitFileType = sourcecode.c.h; fileEncoding = 30; name = func_integer.hpp; path = ../../../../../../Patricio/Desktop/openFrameworks/addons/ofxBundle/libs/glm/detail/func_integer.hpp; sourceTree = SOURCE_ROOT; };
		324d3479ab99589900e8a155dd4b2424 /* matrix_cross_product.hpp */ = {isa = PBXFileReference; explicitFileType = sourcecode.c.h; fileEncoding = 30; name = matrix_cross_product.hpp; path = ../../../../../../Patricio/Desktop/openFrameworks/addons/ofxBundle/libs/glm/gtx/matrix_cross_product.hpp; sourceTree = SOURCE_ROOT; };
		3320f1ba75948a32bfe23831d1983bb4 /* vector_query.hpp */ = {isa = PBXFileReference; explicitFileType = sourcecode.c.h; fileEncoding = 30; name = vector_query.hpp; path = ../../../../../../Patricio/Desktop/openFrameworks/addons/ofxBundle/libs/glm/gtx/vector_query.hpp; sourceTree = SOURCE_ROOT; };
		377167c9e6284fc2f366951b89444614 /* type_vec1.hpp */ = {isa = PBXFileReference; explicitFileType = sourcecode.c.h; fileEncoding = 30; name = type_vec1.hpp; path = ../../../../../../Patricio/Desktop/openFrameworks/addons/ofxBundle/libs/glm/detail/type_vec1.hpp; sourceTree = SOURCE_ROOT; };
		38a7faf3f0da78e91784ce1727cb3b19 /* _features.hpp */ = {isa = PBXFileReference; explicitFileType = sourcecode.c.h; fileEncoding = 30; name = _features.hpp; path = ../../../../../../Patricio/Desktop/openFrameworks/addons/ofxBundle/libs/glm/detail/_features.hpp; sourceTree = SOURCE_ROOT; };
		3a66393cd00c73d7955822aa8f3cb16e /* extend.hpp */ = {isa = PBXFileReference; explicitFileType = sourcecode.c.h; fileEncoding = 30; name = extend.hpp; path = ../../../../../../Patricio/Desktop/openFrameworks/addons/ofxBundle/libs/glm/gtx/extend.hpp; sourceTree = SOURCE_ROOT; };
		3ac105bfd619527d8a6b44267be17bc3 /* ext.hpp */ = {isa = PBXFileReference; explicitFileType = sourcecode.c.h; fileEncoding = 30; name = ext.hpp; path = ../../../../../../Patricio/Desktop/openFrameworks/addons/ofxBundle/libs/glm/ext.hpp; sourceTree = SOURCE_ROOT; };
		3bc65d9d8c75b8e5594da119b416b8c2 /* quaternion.hpp */ = {isa = PBXFileReference; explicitFileType = sourcecode.c.h; fileEncoding = 30; name = quaternion.hpp; path = ../../../../../../Patricio/Desktop/openFrameworks/addons/ofxBundle/libs/glm/gtx/quaternion.hpp; sourceTree = SOURCE_ROOT; };
		3cc283deb525fd84801de1485cc60df7 /* bit.hpp */ = {isa = PBXFileReference; explicitFileType = sourcecode.c.h; fileEncoding = 30; name = bit.hpp; path = ../../../../../../Patricio/Desktop/openFrameworks/addons/ofxBundle/libs/glm/gtx/bit.hpp; sourceTree = SOURCE_ROOT; };
		3f8de6cbf776fe4673e1ccc6cb479b35 /* intrinsic_exponential.hpp */ = {isa = PBXFileReference; explicitFileType = sourcecode.c.h; fileEncoding = 30; name = intrinsic_exponential.hpp; path = ../../../../../../Patricio/Desktop/openFrameworks/addons/ofxBundle/libs/glm/detail/intrinsic_exponential.hpp; sourceTree = SOURCE_ROOT; };
		428bc791b1711ffb2407dca34bb8d995 /* orthonormalize.hpp */ = {isa = PBXFileReference; explicitFileType = sourcecode.c.h; fileEncoding = 30; name = orthonormalize.hpp; path = ../../../../../../Patricio/Desktop/openFrameworks/addons/ofxBundle/libs/glm/gtx/orthonormalize.hpp; sourceTree = SOURCE_ROOT; };
		460e5421ab388456d4c9c1763658c624 /* raw_data.hpp */ = {isa = PBXFileReference; explicitFileType = sourcecode.c.h; fileEncoding = 30; name = raw_data.hpp; path = ../../../../../../Patricio/Desktop/openFrameworks/addons/ofxBundle/libs/glm/gtx/raw_data.hpp; sourceTree = SOURCE_ROOT; };
		471e011f7c8b20b3d9b39ae4d5087bf1 /* type_vec3.hpp */ = {isa = PBXFileReference; explicitFileType = sourcecode.c.h; fileEncoding = 30; name = type_vec3.hpp; path = ../../../../../../Patricio/Desktop/openFrameworks/addons/ofxBundle/libs/glm/detail/type_vec3.hpp; sourceTree = SOURCE_ROOT; };
		49b398551b273684e3f759f7c0f91ce8 /* compatibility.hpp */ = {isa = PBXFileReference; explicitFileType = sourcecode.c.h; fileEncoding = 30; name = compatibility.hpp; path = ../../../../../../Patricio/Desktop/openFrameworks/addons/ofxBundle/libs/glm/gtx/compatibility.hpp; sourceTree = SOURCE_ROOT; };
		4c083b965478cc9155c5d91b9b3659b8 /* type_mat2x2.hpp */ = {isa = PBXFileReference; explicitFileType = sourcecode.c.h; fileEncoding = 30; name = type_mat2x2.hpp; path = ../../../../../../Patricio/Desktop/openFrameworks/addons/ofxBundle/libs/glm/detail/type_mat2x2.hpp; sourceTree = SOURCE_ROOT; };
		4c64c494ccbaad5121c23356026d8441 /* type_mat3x3.hpp */ = {isa = PBXFileReference; explicitFileType = sourcecode.c.h; fileEncoding = 30; name = type_mat3x3.hpp; path = ../../../../../../Patricio/Desktop/openFrameworks/addons/ofxBundle/libs/glm/detail/type_mat3x3.hpp; sourceTree = SOURCE_ROOT; };
		4dd3a87b1310e46fbdb3d385ee6b857a /* packing.hpp */ = {isa = PBXFileReference; explicitFileType = sourcecode.c.h; fileEncoding = 30; name = packing.hpp; path = ../../../../../../Patricio/Desktop/openFrameworks/addons/ofxBundle/libs/glm/packing.hpp; sourceTree = SOURCE_ROOT; };
		4f1e6bbfd78e758c7bbc3c062467460c /* extented_min_max.hpp */ = {isa = PBXFileReference; explicitFileType = sourcecode.c.h; fileEncoding = 30; name = extented_min_max.hpp; path = ../../../../../../Patricio/Desktop/openFrameworks/addons/ofxBundle/libs/glm/gtx/extented_min_max.hpp; sourceTree = SOURCE_ROOT; };
		4f8e361301466db42c4312e5d3946cc7 /* type_mat4x4.hpp */ = {isa = PBXFileReference; explicitFileType = sourcecode.c.h; fileEncoding = 30; name = type_mat4x4.hpp; path = ../../../../../../Patricio/Desktop/openFrameworks/addons/ofxBundle/libs/glm/detail/type_mat4x4.hpp; sourceTree = SOURCE_ROOT; };
		5190c0df9ab73c8ea2595ca8fb9d1131 /* ofxBundlerViewer.h */ = {isa = PBXFileReference; explicitFileType = sourcecode.c.h; fileEncoding = 30; name = ofxBundlerViewer.h; path = ../../../../../../Patricio/Desktop/openFrameworks/addons/ofxBundle/src/ofxBundlerViewer.h; sourceTree = SOURCE_ROOT; };
		52749073368f42644c7a7be7f017e63f /* unsigned_int.hpp */ = {isa = PBXFileReference; explicitFileType = sourcecode.c.h; fileEncoding = 30; name = unsigned_int.hpp; path = ../../../../../../Patricio/Desktop/openFrameworks/addons/ofxBundle/libs/glm/gtx/unsigned_int.hpp; sourceTree = SOURCE_ROOT; };
		528132b843d8dd5b3090dd678b80af6e /* quaternion.hpp */ = {isa = PBXFileReference; explicitFileType = sourcecode.c.h; fileEncoding = 30; name = quaternion.hpp; path = ../../../../../../Patricio/Desktop/openFrameworks/addons/ofxBundle/libs/glm/gtc/quaternion.hpp; sourceTree = SOURCE_ROOT; };
		52d6211f91378486829e370d532d68ba /* integer.hpp */ = {isa = PBXFileReference; explicitFileType = sourcecode.c.h; fileEncoding = 30; name = integer.hpp; path = ../../../../../../Patricio/Desktop/openFrameworks/addons/ofxBundle/libs/glm/gtx/integer.hpp; sourceTree = SOURCE_ROOT; };
		52df7cd5cf341f40dc0e33b17174e8a7 /* matrix_interpolation.hpp */ = {isa = PBXFileReference; explicitFileType = sourcecode.c.h; fileEncoding = 30; name = matrix_interpolation.hpp; path = ../../../../../../Patricio/Desktop/openFrameworks/addons/ofxBundle/libs/glm/gtx/matrix_interpolation.hpp; sourceTree = SOURCE_ROOT; };
		55a69c24b658caf70ba14838979e047c /* simd_vec4.hpp */ = {isa = PBXFileReference; explicitFileType = sourcecode.c.h; fileEncoding = 30; name = simd_vec4.hpp; path = ../../../../../../Patricio/Desktop/openFrameworks/addons/ofxBundle/libs/glm/gtx/simd_vec4.hpp; sourceTree = SOURCE_ROOT; };
		55cbb8892f724b8de1ffc7a6519c225a /* handed_coordinate_space.hpp */ = {isa = PBXFileReference; explicitFileType = sourcecode.c.h; fileEncoding = 30; name = handed_coordinate_space.hpp; path = ../../../../../../Patricio/Desktop/openFrameworks/addons/ofxBundle/libs/glm/gtx/handed_coordinate_space.hpp; sourceTree = SOURCE_ROOT; };
		57e331fa2eaa30266e460fd8d4b27822 /* type_precision.hpp */ = {isa = PBXFileReference; explicitFileType = sourcecode.c.h; fileEncoding = 30; name = type_precision.hpp; path = ../../../../../../Patricio/Desktop/openFrameworks/addons/ofxBundle/libs/glm/gtc/type_precision.hpp; sourceTree = SOURCE_ROOT; };
		59c35a7525cc5bde516838b2e476b903 /* _fixes.hpp */ = {isa = PBXFileReference; explicitFileType = sourcecode.c.h; fileEncoding = 30; name = _fixes.hpp; path = ../../../../../../Patricio/Desktop/openFrameworks/addons/ofxBundle/libs/glm/detail/_fixes.hpp; sourceTree = SOURCE_ROOT; };
		5dd766ac1a7a377cb1868b3f540ad0a1 /* rotate_normalized_axis.hpp */ = {isa = PBXFileReference; explicitFileType = sourcecode.c.h; fileEncoding = 30; name = rotate_normalized_axis.hpp; path = ../../../../../../Patricio/Desktop/openFrameworks/addons/ofxBundle/libs/glm/gtx/rotate_normalized_axis.hpp; sourceTree = SOURCE_ROOT; };
		63270e01676dff1a298be4bb63291cfd /* constants.hpp */ = {isa = PBXFileReference; explicitFileType = sourcecode.c.h; fileEncoding = 30; name = constants.hpp; path = ../../../../../../Patricio/Desktop/openFrameworks/addons/ofxBundle/libs/glm/gtc/constants.hpp; sourceTree = SOURCE_ROOT; };
		67a97d818cf01a824cb467a80a422a38 /* normal.hpp */ = {isa = PBXFileReference; explicitFileType = sourcecode.c.h; fileEncoding = 30; name = normal.hpp; path = ../../../../../../Patricio/Desktop/openFrameworks/addons/ofxBundle/libs/glm/gtx/normal.hpp; sourceTree = SOURCE_ROOT; };
		690efd74abe61b43e93efaf8b6625d47 /* matrix_transform.hpp */ = {isa = PBXFileReference; explicitFileType = sourcecode.c.h; fileEncoding = 30; name = matrix_transform.hpp; path = ../../../../../../Patricio/Desktop/openFrameworks/addons/ofxBundle/libs/glm/gtc/matrix_transform.hpp; sourceTree = SOURCE_ROOT; };
		6aab03c81775db9d3a4d0f785c695969 /* vec4.hpp */ = {isa = PBXFileReference; explicitFileType = sourcecode.c.h; fileEncoding = 30; name = vec4.hpp; path = ../../../../../../Patricio/Desktop/openFrameworks/addons/ofxBundle/libs/glm/vec4.hpp; sourceTree = SOURCE_ROOT; };
		6bb0bcc633b12a6f5e46787dd2cdcf04 /* multiple.hpp */ = {isa = PBXFileReference; explicitFileType = sourcecode.c.h; fileEncoding = 30; name = multiple.hpp; path = ../../../../../../Patricio/Desktop/openFrameworks/addons/ofxBundle/libs/glm/gtx/multiple.hpp; sourceTree = SOURCE_ROOT; };
		6f4ac82a3a6a1c1ecded9783fb31d1c0 /* string_cast.hpp */ = {isa = PBXFileReference; explicitFileType = sourcecode.c.h; fileEncoding = 30; name = string_cast.hpp; path = ../../../../../../Patricio/Desktop/openFrameworks/addons/ofxBundle/libs/glm/gtx/string_cast.hpp; sourceTree = SOURCE_ROOT; };
		6fd368350a03053787ab20190c848cdd /* packing.hpp */ = {isa = PBXFileReference; explicitFileType = sourcecode.c.h; fileEncoding = 30; name = packing.hpp; path = ../../../../../../Patricio/Desktop/openFrameworks/addons/ofxBundle/libs/glm/gtc/packing.hpp; sourceTree = SOURCE_ROOT; };
		727d80251b7bef1fc8cf44437f54bfe3 /* intersect.hpp */ = {isa = PBXFileReference; explicitFileType = sourcecode.c.h; fileEncoding = 30; name = intersect.hpp; path = ../../../../../../Patricio/Desktop/openFrameworks/addons/ofxBundle/libs/glm/gtx/intersect.hpp; sourceTree = SOURCE_ROOT; };
		735f5417e6ef24a197b71eb487c6e39a /* scalar_relational.hpp */ = {isa = PBXFileReference; explicitFileType = sourcecode.c.h; fileEncoding = 30; name = scalar_relational.hpp; path = ../../../../../../Patricio/Desktop/openFrameworks/addons/ofxBundle/libs/glm/gtx/scalar_relational.hpp; sourceTree = SOURCE_ROOT; };
		7428f8c0a23dd967d518cfb67aeb4fdf /* epsilon.hpp */ = {isa = PBXFileReference; explicitFileType = sourcecode.c.h; fileEncoding = 30; name = epsilon.hpp; path = ../../../../../../Patricio/Desktop/openFrameworks/addons/ofxBundle/libs/glm/gtx/epsilon.hpp; sourceTree = SOURCE_ROOT; };
		76648a4ab65ee1d4ecb1779e384eb53f /* _vectorize.hpp */ = {isa = PBXFileReference; explicitFileType = sourcecode.c.h; fileEncoding = 30; name = _vectorize.hpp; path = ../../../../../../Patricio/Desktop/openFrameworks/addons/ofxBundle/libs/glm/detail/_vectorize.hpp; sourceTree = SOURCE_ROOT; };
		775cf50856ddcca3430cd82f25a5dd45 /* transform.hpp */ = {isa = PBXFileReference; explicitFileType = sourcecode.c.h; fileEncoding = 30; name = transform.hpp; path = ../../../../../../Patricio/Desktop/openFrameworks/addons/ofxBundle/libs/glm/gtx/transform.hpp; sourceTree = SOURCE_ROOT; };
		790cbc24c2417f87dc26b0b9df65a055 /* std_based_type.hpp */ = {isa = PBXFileReference; explicitFileType = sourcecode.c.h; fileEncoding = 30; name = std_based_type.hpp; path = ../../../../../../Patricio/Desktop/openFrameworks/addons/ofxBundle/libs/glm/gtx/std_based_type.hpp; sourceTree = SOURCE_ROOT; };
		799acfff3b0645bde8c46302c8bb8e65 /* color_space.hpp */ = {isa = PBXFileReference; explicitFileType = sourcecode.c.h; fileEncoding = 30; name = color_space.hpp; path = ../../../../../../Patricio/Desktop/openFrameworks/addons/ofxBundle/libs/glm/gtx/color_space.hpp; sourceTree = SOURCE_ROOT; };
		79d52a88672cbd16e27cb6d4c6d6f2b2 /* func_packing.hpp */ = {isa = PBXFileReference; explicitFileType = sourcecode.c.h; fileEncoding = 30; name = func_packing.hpp; path = ../../../../../../Patricio/Desktop/openFrameworks/addons/ofxBundle/libs/glm/detail/func_packing.hpp; sourceTree = SOURCE_ROOT; };
		7b8be3cc4ffefab07f8c0774935c7758 /* noise.hpp */ = {isa = PBXFileReference; explicitFileType = sourcecode.c.h; fileEncoding = 30; name = noise.hpp; path = ../../../../../../Patricio/Desktop/openFrameworks/addons/ofxBundle/libs/glm/gtc/noise.hpp; sourceTree = SOURCE_ROOT; };
		7b8e930f16deec1d0a7d1ec22574d8d3 /* func_noise.hpp */ = {isa = PBXFileReference; explicitFileType = sourcecode.c.h; fileEncoding = 30; name = func_noise.hpp; path = ../../../../../../Patricio/Desktop/openFrameworks/addons/ofxBundle/libs/glm/detail/func_noise.hpp; sourceTree = SOURCE_ROOT; };
		7c13a8287f973ba60c6f18bfa17b4999 /* projection.hpp */ = {isa = PBXFileReference; explicitFileType = sourcecode.c.h; fileEncoding = 30; name = projection.hpp; path = ../../../../../../Patricio/Desktop/openFrameworks/addons/ofxBundle/libs/glm/gtx/projection.hpp; sourceTree = SOURCE_ROOT; };
		7e10cb5a127b34350041f49762acd700 /* random.hpp */ = {isa = PBXFileReference; explicitFileType = sourcecode.c.h; fileEncoding = 30; name = random.hpp; path = ../../../../../../Patricio/Desktop/openFrameworks/addons/ofxBundle/libs/glm/gtc/random.hpp; sourceTree = SOURCE_ROOT; };
		82e1be194b785969b8558d44032836f1 /* ulp.hpp */ = {isa = PBXFileReference; explicitFileType = sourcecode.c.h; fileEncoding = 30; name = ulp.hpp; path = ../../../../../../Patricio/Desktop/openFrameworks/addons/ofxBundle/libs/glm/gtx/ulp.hpp; sourceTree = SOURCE_ROOT; };
		850ea5d3d809d688629d1dc8404685df /* _literals.hpp */ = {isa = PBXFileReference; explicitFileType = sourcecode.c.h; fileEncoding = 30; name = _literals.hpp; path = ../../../../../../Patricio/Desktop/openFrameworks/addons/ofxBundle/libs/glm/detail/_literals.hpp; sourceTree = SOURCE_ROOT; };
		8555c088ee6a4d3088131b87e9754985 /* type_mat3x4.hpp */ = {isa = PBXFileReference; explicitFileType = sourcecode.c.h; fileEncoding = 30; name = type_mat3x4.hpp; path = ../../../../../../Patricio/Desktop/openFrameworks/addons/ofxBundle/libs/glm/detail/type_mat3x4.hpp; sourceTree = SOURCE_ROOT; };
		89d9365483599c5a6ca6a1ed8a03ee87 /* vec1.hpp */ = {isa = PBXFileReference; explicitFileType = sourcecode.c.h; fileEncoding = 30; name = vec1.hpp; path = ../../../../../../Patricio/Desktop/openFrameworks/addons/ofxBundle/libs/glm/gtx/vec1.hpp; sourceTree = SOURCE_ROOT; };
		8b16b987e124657ef86b51bd2c07c92b /* mat4x3.hpp */ = {isa = PBXFileReference; explicitFileType = sourcecode.c.h; fileEncoding = 30; name = mat4x3.hpp; path = ../../../../../../Patricio/Desktop/openFrameworks/addons/ofxBundle/libs/glm/mat4x3.hpp; sourceTree = SOURCE_ROOT; };
		8bfa858189b3f5616f60aac5a00f38f6 /* exponential.hpp */ = {isa = PBXFileReference; explicitFileType = sourcecode.c.h; fileEncoding = 30; name = exponential.hpp; path = ../../../../../../Patricio/Desktop/openFrameworks/addons/ofxBundle/libs/glm/exponential.hpp; sourceTree = SOURCE_ROOT; };
		8cb4db59210b3dbd1b91cb622f4317f1 /* mat3x4.hpp */ = {isa = PBXFileReference; explicitFileType = sourcecode.c.h; fileEncoding = 30; name = mat3x4.hpp; path = ../../../../../../Patricio/Desktop/openFrameworks/addons/ofxBundle/libs/glm/mat3x4.hpp; sourceTree = SOURCE_ROOT; };
		8f1ea2de3de4edd2f89e0f6b1d49e6e9 /* mat2x2.hpp */ = {isa = PBXFileReference; explicitFileType = sourcecode.c.h; fileEncoding = 30; name = mat2x2.hpp; path = ../../../../../../Patricio/Desktop/openFrameworks/addons/ofxBundle/libs/glm/mat2x2.hpp; sourceTree = SOURCE_ROOT; };
		903ddbc0179b2e7c10013a7c594f21a4 /* integer.hpp */ = {isa = PBXFileReference; explicitFileType = sourcecode.c.h; fileEncoding = 30; name = integer.hpp; path = ../../../../../../Patricio/Desktop/openFrameworks/addons/ofxBundle/libs/glm/integer.hpp; sourceTree = SOURCE_ROOT; };
		92eba0bcfd86e04c34c860f6906e389e /* _swizzle_func.hpp */ = {isa = PBXFileReference; explicitFileType = sourcecode.c.h; fileEncoding = 30; name = _swizzle_func.hpp; path = ../../../../../../Patricio/Desktop/openFrameworks/addons/ofxBundle/libs/glm/detail/_swizzle_func.hpp; sourceTree = SOURCE_ROOT; };
		9535534d185349c55d3656ed925f1d1f /* normalize_dot.hpp */ = {isa = PBXFileReference; explicitFileType = sourcecode.c.h; fileEncoding = 30; name = normalize_dot.hpp; path = ../../../../../../Patricio/Desktop/openFrameworks/addons/ofxBundle/libs/glm/gtx/normalize_dot.hpp; sourceTree = SOURCE_ROOT; };
		96d0db49c86b4cd71652f91d07624aff /* func_matrix.hpp */ = {isa = PBXFileReference; explicitFileType = sourcecode.c.h; fileEncoding = 30; name = func_matrix.hpp; path = ../../../../../../Patricio/Desktop/openFrameworks/addons/ofxBundle/libs/glm/detail/func_matrix.hpp; sourceTree = SOURCE_ROOT; };
		97aed172cb0b9ebf78047152da8a4bf0 /* reciprocal.hpp */ = {isa = PBXFileReference; explicitFileType = sourcecode.c.h; fileEncoding = 30; name = reciprocal.hpp; path = ../../../../../../Patricio/Desktop/openFrameworks/addons/ofxBundle/libs/glm/gtc/reciprocal.hpp; sourceTree = SOURCE_ROOT; };
		97e249690c8e4f9d3bba40df3c0c04cf /* intrinsic_trigonometric.hpp */ = {isa = PBXFileReference; explicitFileType = sourcecode.c.h; fileEncoding = 30; name = intrinsic_trigonometric.hpp; path = ../../../../../../Patricio/Desktop/openFrameworks/addons/ofxBundle/libs/glm/detail/intrinsic_trigonometric.hpp; sourceTree = SOURCE_ROOT; };
		99c9670617c9844bd0cf7b019ecd08d7 /* func_geometric.hpp */ = {isa = PBXFileReference; explicitFileType = sourcecode.c.h; fileEncoding = 30; name = func_geometric.hpp; path = ../../../../../../Patricio/Desktop/openFrameworks/addons/ofxBundle/libs/glm/detail/func_geometric.hpp; sourceTree = SOURCE_ROOT; };
		9be86235d57d9edc0a097ee3e4a8fa01 /* io.hpp */ = {isa = PBXFileReference; explicitFileType = sourcecode.c.h; fileEncoding = 30; name = io.hpp; path = ../../../../../../Patricio/Desktop/openFrameworks/addons/ofxBundle/libs/glm/gtx/io.hpp; sourceTree = SOURCE_ROOT; };
		9bee1b6cb2c79c240e204fcd9f508224 /* wrap.hpp */ = {isa = PBXFileReference; explicitFileType = sourcecode.c.h; fileEncoding = 30; name = wrap.hpp; path = ../../../../../../Patricio/Desktop/openFrameworks/addons/ofxBundle/libs/glm/gtx/wrap.hpp; sourceTree = SOURCE_ROOT; };
		9fcb407ad175de4cb8e32838bcd71898 /* mat4x2.hpp */ = {isa = PBXFileReference; explicitFileType = sourcecode.c.h; fileEncoding = 30; name = mat4x2.hpp; path = ../../../../../../Patricio/Desktop/openFrameworks/addons/ofxBundle/libs/glm/mat4x2.hpp; sourceTree = SOURCE_ROOT; };
		BBAB23BE13894E4700AA2426 /* GLUT.framework */ = {isa = PBXFileReference; lastKnownFileType = wrapper.framework; name = GLUT.framework; path = ../../../../../../Patricio/Desktop/openFrameworks/libs/glut/lib/osx/GLUT.framework; sourceTree = "<group>"; };
		E4328143138ABC890047C5CB /* openFrameworksLib.xcodeproj */ = {isa = PBXFileReference; lastKnownFileType = "wrapper.pb-project"; name = openFrameworksLib.xcodeproj; path = ../../../../../../Patricio/Desktop/openFrameworks/libs/openFrameworksCompiled/project/osx/openFrameworksLib.xcodeproj; sourceTree = SOURCE_ROOT; };
		E45BE9710E8CC7DD009D7055 /* AGL.framework */ = {isa = PBXFileReference; lastKnownFileType = wrapper.framework; name = AGL.framework; path = /System/Library/Frameworks/AGL.framework; sourceTree = "<absolute>"; };
		E45BE9720E8CC7DD009D7055 /* ApplicationServices.framework */ = {isa = PBXFileReference; lastKnownFileType = wrapper.framework; name = ApplicationServices.framework; path = /System/Library/Frameworks/ApplicationServices.framework; sourceTree = "<absolute>"; };
		E45BE9730E8CC7DD009D7055 /* AudioToolbox.framework */ = {isa = PBXFileReference; lastKnownFileType = wrapper.framework; name = AudioToolbox.framework; path = /System/Library/Frameworks/AudioToolbox.framework; sourceTree = "<absolute>"; };
		E45BE9750E8CC7DD009D7055 /* CoreAudio.framework */ = {isa = PBXFileReference; lastKnownFileType = wrapper.framework; name = CoreAudio.framework; path = /System/Library/Frameworks/CoreAudio.framework; sourceTree = "<absolute>"; };
		E45BE9760E8CC7DD009D7055 /* CoreFoundation.framework */ = {isa = PBXFileReference; lastKnownFileType = wrapper.framework; name = CoreFoundation.framework; path = /System/Library/Frameworks/CoreFoundation.framework; sourceTree = "<absolute>"; };
		E45BE9770E8CC7DD009D7055 /* CoreServices.framework */ = {isa = PBXFileReference; lastKnownFileType = wrapper.framework; name = CoreServices.framework; path = /System/Library/Frameworks/CoreServices.framework; sourceTree = "<absolute>"; };
		E45BE9790E8CC7DD009D7055 /* OpenGL.framework */ = {isa = PBXFileReference; lastKnownFileType = wrapper.framework; name = OpenGL.framework; path = /System/Library/Frameworks/OpenGL.framework; sourceTree = "<absolute>"; };
		E45BE97A0E8CC7DD009D7055 /* QuickTime.framework */ = {isa = PBXFileReference; lastKnownFileType = wrapper.framework; name = QuickTime.framework; path = /System/Library/Frameworks/QuickTime.framework; sourceTree = "<absolute>"; };
		E4B69B5B0A3A1756003C02F2 /* exampleDebug.app */ = {isa = PBXFileReference; explicitFileType = wrapper.application; includeInIndex = 0; path = exampleDebug.app; sourceTree = BUILT_PRODUCTS_DIR; };
		E4B69E1D0A3A1BDC003C02F2 /* main.cpp */ = {isa = PBXFileReference; fileEncoding = 30; lastKnownFileType = sourcecode.cpp.cpp; name = main.cpp; path = src/main.cpp; sourceTree = SOURCE_ROOT; };
		E4B69E1E0A3A1BDC003C02F2 /* ofApp.cpp */ = {isa = PBXFileReference; explicitFileType = sourcecode.cpp.cpp; fileEncoding = 30; name = ofApp.cpp; path = src/ofApp.cpp; sourceTree = SOURCE_ROOT; };
		E4B69E1F0A3A1BDC003C02F2 /* ofApp.h */ = {isa = PBXFileReference; fileEncoding = 30; lastKnownFileType = sourcecode.c.h; name = ofApp.h; path = src/ofApp.h; sourceTree = SOURCE_ROOT; };
		E4B6FCAD0C3E899E008CF71C /* openFrameworks-Info.plist */ = {isa = PBXFileReference; fileEncoding = 30; lastKnownFileType = text.plist.xml; path = "openFrameworks-Info.plist"; sourceTree = "<group>"; };
		E4C2424410CC5A17004149E2 /* AppKit.framework */ = {isa = PBXFileReference; lastKnownFileType = wrapper.framework; name = AppKit.framework; path = /System/Library/Frameworks/AppKit.framework; sourceTree = "<absolute>"; };
		E4C2424510CC5A17004149E2 /* Cocoa.framework */ = {isa = PBXFileReference; lastKnownFileType = wrapper.framework; name = Cocoa.framework; path = /System/Library/Frameworks/Cocoa.framework; sourceTree = "<absolute>"; };
		E4C2424610CC5A17004149E2 /* IOKit.framework */ = {isa = PBXFileReference; lastKnownFileType = wrapper.framework; name = IOKit.framework; path = /System/Library/Frameworks/IOKit.framework; sourceTree = "<absolute>"; };
		E4EB691F138AFCF100A09F29 /* CoreOF.xcconfig */ = {isa = PBXFileReference; fileEncoding = 4; lastKnownFileType = text.xcconfig; name = CoreOF.xcconfig; path = ../../../../../../Patricio/Desktop/openFrameworks/libs/openFrameworksCompiled/project/osx/CoreOF.xcconfig; sourceTree = SOURCE_ROOT; };
		E4EB6923138AFD0F00A09F29 /* Project.xcconfig */ = {isa = PBXFileReference; fileEncoding = 4; lastKnownFileType = text.xcconfig; path = Project.xcconfig; sourceTree = "<group>"; };
		E7E077E415D3B63C0020DFD4 /* CoreVideo.framework */ = {isa = PBXFileReference; lastKnownFileType = wrapper.framework; name = CoreVideo.framework; path = /System/Library/Frameworks/CoreVideo.framework; sourceTree = "<absolute>"; };
		E7E077E715D3B6510020DFD4 /* QTKit.framework */ = {isa = PBXFileReference; lastKnownFileType = wrapper.framework; name = QTKit.framework; path = /System/Library/Frameworks/QTKit.framework; sourceTree = "<absolute>"; };
		E7F985F515E0DE99003869B5 /* Accelerate.framework */ = {isa = PBXFileReference; lastKnownFileType = wrapper.framework; name = Accelerate.framework; path = /System/Library/Frameworks/Accelerate.framework; sourceTree = "<absolute>"; };
		a03e2ff3b133d6b549a43d04ca880d8e /* type_int.hpp */ = {isa = PBXFileReference; explicitFileType = sourcecode.c.h; fileEncoding = 30; name = type_int.hpp; path = ../../../../../../Patricio/Desktop/openFrameworks/addons/ofxBundle/libs/glm/detail/type_int.hpp; sourceTree = SOURCE_ROOT; };
		a1bb8fe9c5a081b4c0758a8d5cae0d3f /* simd_mat4.hpp */ = {isa = PBXFileReference; explicitFileType = sourcecode.c.h; fileEncoding = 30; name = simd_mat4.hpp; path = ../../../../../../Patricio/Desktop/openFrameworks/addons/ofxBundle/libs/glm/gtx/simd_mat4.hpp; sourceTree = SOURCE_ROOT; };
		a21e7535a37381fd7fdafb9bda50a9cb /* sfmCamera.cpp */ = {isa = PBXFileReference; explicitFileType = sourcecode.cpp.cpp; fileEncoding = 30; name = sfmCamera.cpp; path = ../../../../../../Patricio/Desktop/openFrameworks/addons/ofxBundle/src/sfmCamera.cpp; sourceTree = SOURCE_ROOT; };
		a3168fb75b12056ec86aeebeb6ecd321 /* polar_coordinates.hpp */ = {isa = PBXFileReference; explicitFileType = sourcecode.c.h; fileEncoding = 30; name = polar_coordinates.hpp; path = ../../../../../../Patricio/Desktop/openFrameworks/addons/ofxBundle/libs/glm/gtx/polar_coordinates.hpp; sourceTree = SOURCE_ROOT; };
		a7573c2c5daf3221430a29069cc881d3 /* fast_square_root.hpp */ = {isa = PBXFileReference; explicitFileType = sourcecode.c.h; fileEncoding = 30; name = fast_square_root.hpp; path = ../../../../../../Patricio/Desktop/openFrameworks/addons/ofxBundle/libs/glm/gtx/fast_square_root.hpp; sourceTree = SOURCE_ROOT; };
		a7939beb092ab9c7c6bfaf99c6bbe7ba /* transform2.hpp */ = {isa = PBXFileReference; explicitFileType = sourcecode.c.h; fileEncoding = 30; name = transform2.hpp; path = ../../../../../../Patricio/Desktop/openFrameworks/addons/ofxBundle/libs/glm/gtx/transform2.hpp; sourceTree = SOURCE_ROOT; };
		a8227c5d92372c44d427e9570bba269f /* type_half.hpp */ = {isa = PBXFileReference; explicitFileType = sourcecode.c.h; fileEncoding = 30; name = type_half.hpp; path = ../../../../../../Patricio/Desktop/openFrameworks/addons/ofxBundle/libs/glm/detail/type_half.hpp; sourceTree = SOURCE_ROOT; };
		aa9e20a0a8225a240c46540c9d633225 /* constants.hpp */ = {isa = PBXFileReference; explicitFileType = sourcecode.c.h; fileEncoding = 30; name = constants.hpp; path = ../../../../../../Patricio/Desktop/openFrameworks/addons/ofxBundle/libs/glm/gtx/constants.hpp; sourceTree = SOURCE_ROOT; };
		aad6d995b7b5b9ce8d2c18f0a38191d8 /* trigonometric.hpp */ = {isa = PBXFileReference; explicitFileType = sourcecode.c.h; fileEncoding = 30; name = trigonometric.hpp; path = ../../../../../../Patricio/Desktop/openFrameworks/addons/ofxBundle/libs/glm/trigonometric.hpp; sourceTree = SOURCE_ROOT; };
		add6f10df0e2372b1a751c5dc4ca9c20 /* type_ptr.hpp */ = {isa = PBXFileReference; explicitFileType = sourcecode.c.h; fileEncoding = 30; name = type_ptr.hpp; path = ../../../../../../Patricio/Desktop/openFrameworks/addons/ofxBundle/libs/glm/gtc/type_ptr.hpp; sourceTree = SOURCE_ROOT; };
		ade8b5c65d7053c20c1e0984ab715fa4 /* type_gentype.hpp */ = {isa = PBXFileReference; explicitFileType = sourcecode.c.h; fileEncoding = 30; name = type_gentype.hpp; path = ../../../../../../Patricio/Desktop/openFrameworks/addons/ofxBundle/libs/glm/detail/type_gentype.hpp; sourceTree = SOURCE_ROOT; };
		ae6b36d615fe2461642f6206b7a10e2a /* mat2x4.hpp */ = {isa = PBXFileReference; explicitFileType = sourcecode.c.h; fileEncoding = 30; name = mat2x4.hpp; path = ../../../../../../Patricio/Desktop/openFrameworks/addons/ofxBundle/libs/glm/mat2x4.hpp; sourceTree = SOURCE_ROOT; };
		b3dbc19c9cf5667f083da60af827d328 /* func_exponential.hpp */ = {isa = PBXFileReference; explicitFileType = sourcecode.c.h; fileEncoding = 30; name = func_exponential.hpp; path = ../../../../../../Patricio/Desktop/openFrameworks/addons/ofxBundle/libs/glm/detail/func_exponential.hpp; sourceTree = SOURCE_ROOT; };
		b546161452d07aa2e9a857dbee6a2eee /* int_10_10_10_2.hpp */ = {isa = PBXFileReference; explicitFileType = sourcecode.c.h; fileEncoding = 30; name = int_10_10_10_2.hpp; path = ../../../../../../Patricio/Desktop/openFrameworks/addons/ofxBundle/libs/glm/gtx/int_10_10_10_2.hpp; sourceTree = SOURCE_ROOT; };
		b57d05a821a9e45bd17d2c329575ea56 /* mat4x4.hpp */ = {isa = PBXFileReference; explicitFileType = sourcecode.c.h; fileEncoding = 30; name = mat4x4.hpp; path = ../../../../../../Patricio/Desktop/openFrameworks/addons/ofxBundle/libs/glm/mat4x4.hpp; sourceTree = SOURCE_ROOT; };
		bc2bed3cc64dd5d50b30b6ccf2620d85 /* component_wise.hpp */ = {isa = PBXFileReference; explicitFileType = sourcecode.c.h; fileEncoding = 30; name = component_wise.hpp; path = ../../../../../../Patricio/Desktop/openFrameworks/addons/ofxBundle/libs/glm/gtx/component_wise.hpp; sourceTree = SOURCE_ROOT; };
		bf05c09bbf704cc85b5d025b691027c3 /* color_space_YCoCg.hpp */ = {isa = PBXFileReference; explicitFileType = sourcecode.c.h; fileEncoding = 30; name = color_space_YCoCg.hpp; path = ../../../../../../Patricio/Desktop/openFrameworks/addons/ofxBundle/libs/glm/gtx/color_space_YCoCg.hpp; sourceTree = SOURCE_ROOT; };
		bfa41b7d7d962430583a99e75e90592e /* _swizzle.hpp */ = {isa = PBXFileReference; explicitFileType = sourcecode.c.h; fileEncoding = 30; name = _swizzle.hpp; path = ../../../../../../Patricio/Desktop/openFrameworks/addons/ofxBundle/libs/glm/detail/_swizzle.hpp; sourceTree = SOURCE_ROOT; };
		c12ba99b04ff6efaae815cfd6ecb6f70 /* fwd.hpp */ = {isa = PBXFileReference; explicitFileType = sourcecode.c.h; fileEncoding = 30; name = fwd.hpp; path = ../../../../../../Patricio/Desktop/openFrameworks/addons/ofxBundle/libs/glm/fwd.hpp; sourceTree = SOURCE_ROOT; };
		c3009d0f308a87d1680a2d266338e4c5 /* mat2x3.hpp */ = {isa = PBXFileReference; explicitFileType = sourcecode.c.h; fileEncoding = 30; name = mat2x3.hpp; path = ../../../../../../Patricio/Desktop/openFrameworks/addons/ofxBundle/libs/glm/mat2x3.hpp; sourceTree = SOURCE_ROOT; };
		c4c4adb7c4fe0d631a65c637386f42e3 /* matrix_integer.hpp */ = {isa = PBXFileReference; explicitFileType = sourcecode.c.h; fileEncoding = 30; name = matrix_integer.hpp; path = ../../../../../../Patricio/Desktop/openFrameworks/addons/ofxBundle/libs/glm/gtc/matrix_integer.hpp; sourceTree = SOURCE_ROOT; };
		c654375914d85fb19c8f73f0a77e3da0 /* euler_angles.hpp */ = {isa = PBXFileReference; explicitFileType = sourcecode.c.h; fileEncoding = 30; name = euler_angles.hpp; path = ../../../../../../Patricio/Desktop/openFrameworks/addons/ofxBundle/libs/glm/gtx/euler_angles.hpp; sourceTree = SOURCE_ROOT; };
		c9cbb9de3449bc2d8179fe1f058ede46 /* matrix_major_storage.hpp */ = {isa = PBXFileReference; explicitFileType = sourcecode.c.h; fileEncoding = 30; name = matrix_major_storage.hpp; path = ../../../../../../Patricio/Desktop/openFrameworks/addons/ofxBundle/libs/glm/gtx/matrix_major_storage.hpp; sourceTree = SOURCE_ROOT; };
		ca571a6a8bae233885c78e810ed3283e /* spline.hpp */ = {isa = PBXFileReference; explicitFileType = sourcecode.c.h; fileEncoding = 30; name = spline.hpp; path = ../../../../../../Patricio/Desktop/openFrameworks/addons/ofxBundle/libs/glm/gtx/spline.hpp; sourceTree = SOURCE_ROOT; };
		cea7d136fda29fc7582b2d8ab403827f /* perpendicular.hpp */ = {isa = PBXFileReference; explicitFileType = sourcecode.c.h; fileEncoding = 30; name = perpendicular.hpp; path = ../../../../../../Patricio/Desktop/openFrameworks/addons/ofxBundle/libs/glm/gtx/perpendicular.hpp; sourceTree = SOURCE_ROOT; };
		d4b530ced814c87de66553733d0cc4f3 /* func_common.hpp */ = {isa = PBXFileReference; explicitFileType = sourcecode.c.h; fileEncoding = 30; name = func_common.hpp; path = ../../../../../../Patricio/Desktop/openFrameworks/addons/ofxBundle/libs/glm/detail/func_common.hpp; sourceTree = SOURCE_ROOT; };
		d4d704648a06d1cbc0c51b6c23e95f57 /* type_mat.hpp */ = {isa = PBXFileReference; explicitFileType = sourcecode.c.h; fileEncoding = 30; name = type_mat.hpp; path = ../../../../../../Patricio/Desktop/openFrameworks/addons/ofxBundle/libs/glm/detail/type_mat.hpp; sourceTree = SOURCE_ROOT; };
		d5ea2ad470c828378332b02895f830e8 /* gradient_paint.hpp */ = {isa = PBXFileReference; explicitFileType = sourcecode.c.h; fileEncoding = 30; name = gradient_paint.hpp; path = ../../../../../../Patricio/Desktop/openFrameworks/addons/ofxBundle/libs/glm/gtx/gradient_paint.hpp; sourceTree = SOURCE_ROOT; };
		d61f4bfb623dd7529ce5bbe5e0cffb8c /* optimum_pow.hpp */ = {isa = PBXFileReference; explicitFileType = sourcecode.c.h; fileEncoding = 30; name = optimum_pow.hpp; path = ../../../../../../Patricio/Desktop/openFrameworks/addons/ofxBundle/libs/glm/gtx/optimum_pow.hpp; sourceTree = SOURCE_ROOT; };
		d7de832a0cb28b02dd1e34d80b39f2ec /* mat3x2.hpp */ = {isa = PBXFileReference; explicitFileType = sourcecode.c.h; fileEncoding = 30; name = mat3x2.hpp; path = ../../../../../../Patricio/Desktop/openFrameworks/addons/ofxBundle/libs/glm/mat3x2.hpp; sourceTree = SOURCE_ROOT; };
		d9ebc483b96185e19ab898b329b75128 /* associated_min_max.hpp */ = {isa = PBXFileReference; explicitFileType = sourcecode.c.h; fileEncoding = 30; name = associated_min_max.hpp; path = ../../../../../../Patricio/Desktop/openFrameworks/addons/ofxBundle/libs/glm/gtx/associated_min_max.hpp; sourceTree = SOURCE_ROOT; };
		dc4500115db3daddc36e43131bec4e9b /* type_mat4x2.hpp */ = {isa = PBXFileReference; explicitFileType = sourcecode.c.h; fileEncoding = 30; name = type_mat4x2.hpp; path = ../../../../../../Patricio/Desktop/openFrameworks/addons/ofxBundle/libs/glm/detail/type_mat4x2.hpp; sourceTree = SOURCE_ROOT; };
		de1a759d2f59163ba7553366768ccb2f /* glm.hpp */ = {isa = PBXFileReference; explicitFileType = sourcecode.c.h; fileEncoding = 30; name = glm.hpp; path = ../../../../../../Patricio/Desktop/openFrameworks/addons/ofxBundle/libs/glm/glm.hpp; sourceTree = SOURCE_ROOT; };
		df8709345a4176394732ac3b99a6c553 /* norm.hpp */ = {isa = PBXFileReference; explicitFileType = sourcecode.c.h; fileEncoding = 30; name = norm.hpp; path = ../../../../../../Patricio/Desktop/openFrameworks/addons/ofxBundle/libs/glm/gtx/norm.hpp; sourceTree = SOURCE_ROOT; };
		dfe8ac0cbb178380e08db1ec89e649db /* matrix_inverse.hpp */ = {isa = PBXFileReference; explicitFileType = sourcecode.c.h; fileEncoding = 30; name = matrix_inverse.hpp; path = ../../../../../../Patricio/Desktop/openFrameworks/addons/ofxBundle/libs/glm/gtc/matrix_inverse.hpp; sourceTree = SOURCE_ROOT; };
		e0232a0a7b4e00515e200808a50612c3 /* matrix_operation.hpp */ = {isa = PBXFileReference; explicitFileType = sourcecode.c.h; fileEncoding = 30; name = matrix_operation.hpp; path = ../../../../../../Patricio/Desktop/openFrameworks/addons/ofxBundle/libs/glm/gtx/matrix_operation.hpp; sourceTree = SOURCE_ROOT; };
		e0c7a88e72f956b2fc19d417d849d45d /* ulp.hpp */ = {isa = PBXFileReference; explicitFileType = sourcecode.c.h; fileEncoding = 30; name = ulp.hpp; path = ../../../../../../Patricio/Desktop/openFrameworks/addons/ofxBundle/libs/glm/gtc/ulp.hpp; sourceTree = SOURCE_ROOT; };
		e1cf152a7479b4297c8a47044b23b023 /* epsilon.hpp */ = {isa = PBXFileReference; explicitFileType = sourcecode.c.h; fileEncoding = 30; name = epsilon.hpp; path = ../../../../../../Patricio/Desktop/openFrameworks/addons/ofxBundle/libs/glm/gtc/epsilon.hpp; sourceTree = SOURCE_ROOT; };
		e4c227a8eb59aca1a19da5df02565bb1 /* _noise.hpp */ = {isa = PBXFileReference; explicitFileType = sourcecode.c.h; fileEncoding = 30; name = _noise.hpp; path = ../../../../../../Patricio/Desktop/openFrameworks/addons/ofxBundle/libs/glm/detail/_noise.hpp; sourceTree = SOURCE_ROOT; };
		e4c752dc02e9471b26433347c6e74334 /* matrix.hpp */ = {isa = PBXFileReference; explicitFileType = sourcecode.c.h; fileEncoding = 30; name = matrix.hpp; path = ../../../../../../Patricio/Desktop/openFrameworks/addons/ofxBundle/libs/glm/matrix.hpp; sourceTree = SOURCE_ROOT; };
		e4dc651add53ce398b7274203ae830e1 /* intrinsic_common.hpp */ = {isa = PBXFileReference; explicitFileType = sourcecode.c.h; fileEncoding = 30; name = intrinsic_common.hpp; path = ../../../../../../Patricio/Desktop/openFrameworks/addons/ofxBundle/libs/glm/detail/intrinsic_common.hpp; sourceTree = SOURCE_ROOT; };
		e6d95de501b81e1ee73de02c2a77f9fa /* reciprocal.hpp */ = {isa = PBXFileReference; explicitFileType = sourcecode.c.h; fileEncoding = 30; name = reciprocal.hpp; path = ../../../../../../Patricio/Desktop/openFrameworks/addons/ofxBundle/libs/glm/gtx/reciprocal.hpp; sourceTree = SOURCE_ROOT; };
		e7d2dfe29c196a14f3ef1bde7a15cba2 /* vector_angle.hpp */ = {isa = PBXFileReference; explicitFileType = sourcecode.c.h; fileEncoding = 30; name = vector_angle.hpp; path = ../../../../../../Patricio/Desktop/openFrameworks/addons/ofxBundle/libs/glm/gtx/vector_angle.hpp; sourceTree = SOURCE_ROOT; };
		e85dc220a35c358f7ad21e5ed8c7032c /* intrinsic_geometric.hpp */ = {isa = PBXFileReference; explicitFileType = sourcecode.c.h; fileEncoding = 30; name = intrinsic_geometric.hpp; path = ../../../../../../Patricio/Desktop/openFrameworks/addons/ofxBundle/libs/glm/detail/intrinsic_geometric.hpp; sourceTree = SOURCE_ROOT; };
		e9017f8bf34ec12f7fe352c09112e33e /* type_vec4.hpp */ = {isa = PBXFileReference; explicitFileType = sourcecode.c.h; fileEncoding = 30; name = type_vec4.hpp; path = ../../../../../../Patricio/Desktop/openFrameworks/addons/ofxBundle/libs/glm/detail/type_vec4.hpp; sourceTree = SOURCE_ROOT; };
		e9749aa2e38171205a0c7836e9982b50 /* number_precision.hpp */ = {isa = PBXFileReference; explicitFileType = sourcecode.c.h; fileEncoding = 30; name = number_precision.hpp; path = ../../../../../../Patricio/Desktop/openFrameworks/addons/ofxBundle/libs/glm/gtx/number_precision.hpp; sourceTree = SOURCE_ROOT; };
		e9e061eaad67fc4a10c5db5a29e6a216 /* type_mat3x2.hpp */ = {isa = PBXFileReference; explicitFileType = sourcecode.c.h; fileEncoding = 30; name = type_mat3x2.hpp; path = ../../../../../../Patricio/Desktop/openFrameworks/addons/ofxBundle/libs/glm/detail/type_mat3x2.hpp; sourceTree = SOURCE_ROOT; };
		eb614955f61e900a88252bcbe0389e58 /* matrix_query.hpp */ = {isa = PBXFileReference; explicitFileType = sourcecode.c.h; fileEncoding = 30; name = matrix_query.hpp; path = ../../../../../../Patricio/Desktop/openFrameworks/addons/ofxBundle/libs/glm/gtx/matrix_query.hpp; sourceTree = SOURCE_ROOT; };
		ecf737459ce24e04b7bcafa8b44d8144 /* rotate_vector.hpp */ = {isa = PBXFileReference; explicitFileType = sourcecode.c.h; fileEncoding = 30; name = rotate_vector.hpp; path = ../../../../../../Patricio/Desktop/openFrameworks/addons/ofxBundle/libs/glm/gtx/rotate_vector.hpp; sourceTree = SOURCE_ROOT; };
		f2909d84554a973cfb6e6f3f79a8b2bb /* matrix_access.hpp */ = {isa = PBXFileReference; explicitFileType = sourcecode.c.h; fileEncoding = 30; name = matrix_access.hpp; path = ../../../../../../Patricio/Desktop/openFrameworks/addons/ofxBundle/libs/glm/gtc/matrix_access.hpp; sourceTree = SOURCE_ROOT; };
		f65cbe383f7e26291faa9f3aa5d94ecf /* type_float.hpp */ = {isa = PBXFileReference; explicitFileType = sourcecode.c.h; fileEncoding = 30; name = type_float.hpp; path = ../../../../../../Patricio/Desktop/openFrameworks/addons/ofxBundle/libs/glm/detail/type_float.hpp; sourceTree = SOURCE_ROOT; };
		f6bdcde12630432283be3c332df2a941 /* type_mat4x3.hpp */ = {isa = PBXFileReference; explicitFileType = sourcecode.c.h; fileEncoding = 30; name = type_mat4x3.hpp; path = ../../../../../../Patricio/Desktop/openFrameworks/addons/ofxBundle/libs/glm/detail/type_mat4x3.hpp; sourceTree = SOURCE_ROOT; };
		f78170af6ff7c89d1d7200d2305e88d6 /* inertia.hpp */ = {isa = PBXFileReference; explicitFileType = sourcecode.c.h; fileEncoding = 30; name = inertia.hpp; path = ../../../../../../Patricio/Desktop/openFrameworks/addons/ofxBundle/libs/glm/gtx/inertia.hpp; sourceTree = SOURCE_ROOT; };
		f80fe424f8060f6ab2e8403b8f9266f0 /* vec2.hpp */ = {isa = PBXFileReference; explicitFileType = sourcecode.c.h; fileEncoding = 30; name = vec2.hpp; path = ../../../../../../Patricio/Desktop/openFrameworks/addons/ofxBundle/libs/glm/vec2.hpp; sourceTree = SOURCE_ROOT; };
		f8304c92cece6621044ba10a04d21eb8 /* closest_point.hpp */ = {isa = PBXFileReference; explicitFileType = sourcecode.c.h; fileEncoding = 30; name = closest_point.hpp; path = ../../../../../../Patricio/Desktop/openFrameworks/addons/ofxBundle/libs/glm/gtx/closest_point.hpp; sourceTree = SOURCE_ROOT; };
		f915d3a995631dbc01294cd95a34f8df /* intrinsic_integer.hpp */ = {isa = PBXFileReference; explicitFileType = sourcecode.c.h; fileEncoding = 30; name = intrinsic_integer.hpp; path = ../../../../../../Patricio/Desktop/openFrameworks/addons/ofxBundle/libs/glm/detail/intrinsic_integer.hpp; sourceTree = SOURCE_ROOT; };
		fb15781d434c2692d683057065875849 /* vector_relational.hpp */ = {isa = PBXFileReference; explicitFileType = sourcecode.c.h; fileEncoding = 30; name = vector_relational.hpp; path = ../../../../../../Patricio/Desktop/openFrameworks/addons/ofxBundle/libs/glm/vector_relational.hpp; sourceTree = SOURCE_ROOT; };
		fb4d8429b86a085109fb2e924c0c408e /* type_mat2x3.hpp */ = {isa = PBXFileReference; explicitFileType = sourcecode.c.h; fileEncoding = 30; name = type_mat2x3.hpp; path = ../../../../../../Patricio/Desktop/openFrameworks/addons/ofxBundle/libs/glm/detail/type_mat2x3.hpp; sourceTree = SOURCE_ROOT; };
		fe66b9e15801bc120f26de819f9e1b22 /* precision.hpp */ = {isa = PBXFileReference; explicitFileType = sourcecode.c.h; fileEncoding = 30; name = precision.hpp; path = ../../../../../../Patricio/Desktop/openFrameworks/addons/ofxBundle/libs/glm/detail/precision.hpp; sourceTree = SOURCE_ROOT; };
/* End PBXFileReference section */

/* Begin PBXFrameworksBuildPhase section */
		E4B69B590A3A1756003C02F2 /* Frameworks */ = {
			isa = PBXFrameworksBuildPhase;
			buildActionMask = 2147483647;
			files = (
				E7F985F815E0DEA3003869B5 /* Accelerate.framework in Frameworks */,
				E7E077E815D3B6510020DFD4 /* QTKit.framework in Frameworks */,
				E4EB6799138ADC1D00A09F29 /* GLUT.framework in Frameworks */,
				E4328149138ABC9F0047C5CB /* openFrameworksDebug.a in Frameworks */,
				E45BE97B0E8CC7DD009D7055 /* AGL.framework in Frameworks */,
				E45BE97C0E8CC7DD009D7055 /* ApplicationServices.framework in Frameworks */,
				E45BE97D0E8CC7DD009D7055 /* AudioToolbox.framework in Frameworks */,
				E45BE97F0E8CC7DD009D7055 /* CoreAudio.framework in Frameworks */,
				E45BE9800E8CC7DD009D7055 /* CoreFoundation.framework in Frameworks */,
				E45BE9810E8CC7DD009D7055 /* CoreServices.framework in Frameworks */,
				E45BE9830E8CC7DD009D7055 /* OpenGL.framework in Frameworks */,
				E45BE9840E8CC7DD009D7055 /* QuickTime.framework in Frameworks */,
				E4C2424710CC5A17004149E2 /* AppKit.framework in Frameworks */,
				E4C2424810CC5A17004149E2 /* Cocoa.framework in Frameworks */,
				E4C2424910CC5A17004149E2 /* IOKit.framework in Frameworks */,
				E7E077E515D3B63C0020DFD4 /* CoreVideo.framework in Frameworks */,
			);
			runOnlyForDeploymentPostprocessing = 0;
		};
/* End PBXFrameworksBuildPhase section */

/* Begin PBXGroup section */
		3341c51065decf0cf70f1980646d347d /* glm */ = {
			isa = PBXGroup;
			children = (
				14acd659c74c1cc5aa4103c2e8416900 /* common.hpp */,
				5aa9e009014a34d03a5cbcdb1fe8c8b5 /* detail */,
				8bfa858189b3f5616f60aac5a00f38f6 /* exponential.hpp */,
				3ac105bfd619527d8a6b44267be17bc3 /* ext.hpp */,
				c12ba99b04ff6efaae815cfd6ecb6f70 /* fwd.hpp */,
				019cff803b4f2a78f868c4bce9bb60cc /* geometric.hpp */,
				de1a759d2f59163ba7553366768ccb2f /* glm.hpp */,
				a4cc0a9083131117f4bf06a2d7879e5d /* gtc */,
				bf3f8c1eebab9191b80d603c4c40ef77 /* gtx */,
				903ddbc0179b2e7c10013a7c594f21a4 /* integer.hpp */,
				8f1ea2de3de4edd2f89e0f6b1d49e6e9 /* mat2x2.hpp */,
				c3009d0f308a87d1680a2d266338e4c5 /* mat2x3.hpp */,
				ae6b36d615fe2461642f6206b7a10e2a /* mat2x4.hpp */,
				d7de832a0cb28b02dd1e34d80b39f2ec /* mat3x2.hpp */,
				0f45342f4674cba07957666157116337 /* mat3x3.hpp */,
				8cb4db59210b3dbd1b91cb622f4317f1 /* mat3x4.hpp */,
				9fcb407ad175de4cb8e32838bcd71898 /* mat4x2.hpp */,
				8b16b987e124657ef86b51bd2c07c92b /* mat4x3.hpp */,
				b57d05a821a9e45bd17d2c329575ea56 /* mat4x4.hpp */,
				e4c752dc02e9471b26433347c6e74334 /* matrix.hpp */,
				4dd3a87b1310e46fbdb3d385ee6b857a /* packing.hpp */,
				aad6d995b7b5b9ce8d2c18f0a38191d8 /* trigonometric.hpp */,
				f80fe424f8060f6ab2e8403b8f9266f0 /* vec2.hpp */,
				03a96c493ca6ce628c7d0e4fac078f78 /* vec3.hpp */,
				6aab03c81775db9d3a4d0f785c695969 /* vec4.hpp */,
				fb15781d434c2692d683057065875849 /* vector_relational.hpp */,
			);
			name = glm;
			sourceTree = "<group>";
		};
		3b16454a0805a8fa45645f27df20f5d6 /* src */ = {
			isa = PBXGroup;
			children = (
				22fcdf67452e1c62fa0f27baac95cf17 /* ofxBundlerViewer.cpp */,
				5190c0df9ab73c8ea2595ca8fb9d1131 /* ofxBundlerViewer.h */,
				a21e7535a37381fd7fdafb9bda50a9cb /* sfmCamera.cpp */,
				072a44cf0ab52798f447381bf8043120 /* sfmCamera.h */,
			);
			name = src;
			sourceTree = "<group>";
		};
		4c1f00ade0a2b30e51642bff3990065c /* ofxBundle */ = {
			isa = PBXGroup;
			children = (
				3b16454a0805a8fa45645f27df20f5d6 /* src */,
				784f5706c4fa746dea01d2bf6bae3661 /* libs */,
			);
			name = ofxBundle;
			sourceTree = "<group>";
		};
		5aa9e009014a34d03a5cbcdb1fe8c8b5 /* detail */ = {
			isa = PBXGroup;
			children = (
				38a7faf3f0da78e91784ce1727cb3b19 /* _features.hpp */,
				59c35a7525cc5bde516838b2e476b903 /* _fixes.hpp */,
				850ea5d3d809d688629d1dc8404685df /* _literals.hpp */,
				e4c227a8eb59aca1a19da5df02565bb1 /* _noise.hpp */,
				bfa41b7d7d962430583a99e75e90592e /* _swizzle.hpp */,
				92eba0bcfd86e04c34c860f6906e389e /* _swizzle_func.hpp */,
				76648a4ab65ee1d4ecb1779e384eb53f /* _vectorize.hpp */,
				d4b530ced814c87de66553733d0cc4f3 /* func_common.hpp */,
				b3dbc19c9cf5667f083da60af827d328 /* func_exponential.hpp */,
				99c9670617c9844bd0cf7b019ecd08d7 /* func_geometric.hpp */,
				31c53ccca0362c9fad4c732057445d2b /* func_integer.hpp */,
				96d0db49c86b4cd71652f91d07624aff /* func_matrix.hpp */,
				7b8e930f16deec1d0a7d1ec22574d8d3 /* func_noise.hpp */,
				79d52a88672cbd16e27cb6d4c6d6f2b2 /* func_packing.hpp */,
				01b215d8193a39215015d7d9baac018e /* func_trigonometric.hpp */,
				003fd780f83e52cfea2f6b1cf3a17504 /* func_vector_relational.hpp */,
				19371a2b049f902f7f62576db662e98d /* glm.cpp */,
				1b2ff0257041c9a44d651f6809fba93d /* hint.hpp */,
				e4dc651add53ce398b7274203ae830e1 /* intrinsic_common.hpp */,
				3f8de6cbf776fe4673e1ccc6cb479b35 /* intrinsic_exponential.hpp */,
				e85dc220a35c358f7ad21e5ed8c7032c /* intrinsic_geometric.hpp */,
				f915d3a995631dbc01294cd95a34f8df /* intrinsic_integer.hpp */,
				116355400db619d88e1d5bf369648d1f /* intrinsic_matrix.hpp */,
				97e249690c8e4f9d3bba40df3c0c04cf /* intrinsic_trigonometric.hpp */,
				13dda5316d418a767d99c3e5cb82d3ee /* intrinsic_vector_relational.hpp */,
				fe66b9e15801bc120f26de819f9e1b22 /* precision.hpp */,
				14fc66e9727e5db842fcd2bcb77d6a6a /* setup.hpp */,
				f65cbe383f7e26291faa9f3aa5d94ecf /* type_float.hpp */,
				ade8b5c65d7053c20c1e0984ab715fa4 /* type_gentype.hpp */,
				a8227c5d92372c44d427e9570bba269f /* type_half.hpp */,
				a03e2ff3b133d6b549a43d04ca880d8e /* type_int.hpp */,
				d4d704648a06d1cbc0c51b6c23e95f57 /* type_mat.hpp */,
				4c083b965478cc9155c5d91b9b3659b8 /* type_mat2x2.hpp */,
				fb4d8429b86a085109fb2e924c0c408e /* type_mat2x3.hpp */,
				1b9128000e87d6ca041aef21b7602991 /* type_mat2x4.hpp */,
				e9e061eaad67fc4a10c5db5a29e6a216 /* type_mat3x2.hpp */,
				4c64c494ccbaad5121c23356026d8441 /* type_mat3x3.hpp */,
				8555c088ee6a4d3088131b87e9754985 /* type_mat3x4.hpp */,
				dc4500115db3daddc36e43131bec4e9b /* type_mat4x2.hpp */,
				f6bdcde12630432283be3c332df2a941 /* type_mat4x3.hpp */,
				4f8e361301466db42c4312e5d3946cc7 /* type_mat4x4.hpp */,
				11be93da23113204889572fb7e06f5f3 /* type_vec.hpp */,
				377167c9e6284fc2f366951b89444614 /* type_vec1.hpp */,
				19b46be6b148a1a1be5d19e154f91a1f /* type_vec2.hpp */,
				471e011f7c8b20b3d9b39ae4d5087bf1 /* type_vec3.hpp */,
				e9017f8bf34ec12f7fe352c09112e33e /* type_vec4.hpp */,
			);
			name = detail;
			sourceTree = "<group>";
		};
		784f5706c4fa746dea01d2bf6bae3661 /* libs */ = {
			isa = PBXGroup;
			children = (
				3341c51065decf0cf70f1980646d347d /* glm */,
			);
			name = libs;
			sourceTree = "<group>";
		};
		BB4B014C10F69532006C3DED /* addons */ = {
			isa = PBXGroup;
			children = (
				4c1f00ade0a2b30e51642bff3990065c /* ofxBundle */,
			);
			name = addons;
			sourceTree = "<group>";
		};
		BBAB23C913894ECA00AA2426 /* system frameworks */ = {
			isa = PBXGroup;
			children = (
				E7F985F515E0DE99003869B5 /* Accelerate.framework */,
				E4C2424410CC5A17004149E2 /* AppKit.framework */,
				E4C2424510CC5A17004149E2 /* Cocoa.framework */,
				E4C2424610CC5A17004149E2 /* IOKit.framework */,
				E45BE9710E8CC7DD009D7055 /* AGL.framework */,
				E45BE9720E8CC7DD009D7055 /* ApplicationServices.framework */,
				E45BE9730E8CC7DD009D7055 /* AudioToolbox.framework */,
				E45BE9750E8CC7DD009D7055 /* CoreAudio.framework */,
				E45BE9760E8CC7DD009D7055 /* CoreFoundation.framework */,
				E45BE9770E8CC7DD009D7055 /* CoreServices.framework */,
				E45BE9790E8CC7DD009D7055 /* OpenGL.framework */,
				E45BE97A0E8CC7DD009D7055 /* QuickTime.framework */,
				E7E077E415D3B63C0020DFD4 /* CoreVideo.framework */,
				E7E077E715D3B6510020DFD4 /* QTKit.framework */,
			);
			name = "system frameworks";
			sourceTree = "<group>";
		};
		BBAB23CA13894EDB00AA2426 /* 3rd party frameworks */ = {
			isa = PBXGroup;
			children = (
				BBAB23BE13894E4700AA2426 /* GLUT.framework */,
			);
			name = "3rd party frameworks";
			sourceTree = "<group>";
		};
		E4328144138ABC890047C5CB /* Products */ = {
			isa = PBXGroup;
			children = (
				E4328148138ABC890047C5CB /* openFrameworksDebug.a */,
			);
			name = Products;
			sourceTree = "<group>";
		};
		E45BE5980E8CC70C009D7055 /* frameworks */ = {
			isa = PBXGroup;
			children = (
				BBAB23CA13894EDB00AA2426 /* 3rd party frameworks */,
				BBAB23C913894ECA00AA2426 /* system frameworks */,
			);
			name = frameworks;
			sourceTree = "<group>";
		};
		E4B69B4A0A3A1720003C02F2 = {
			isa = PBXGroup;
			children = (
				E4B6FCAD0C3E899E008CF71C /* openFrameworks-Info.plist */,
				E4EB6923138AFD0F00A09F29 /* Project.xcconfig */,
				E4B69E1C0A3A1BDC003C02F2 /* src */,
				E4EEC9E9138DF44700A80321 /* openFrameworks */,
				BB4B014C10F69532006C3DED /* addons */,
				E45BE5980E8CC70C009D7055 /* frameworks */,
				E4B69B5B0A3A1756003C02F2 /* exampleDebug.app */,
			);
			sourceTree = "<group>";
		};
		E4B69E1C0A3A1BDC003C02F2 /* src */ = {
			isa = PBXGroup;
			children = (
				E4B69E1D0A3A1BDC003C02F2 /* main.cpp */,
				E4B69E1E0A3A1BDC003C02F2 /* ofApp.cpp */,
				E4B69E1F0A3A1BDC003C02F2 /* ofApp.h */,
			);
			path = src;
			sourceTree = SOURCE_ROOT;
		};
		E4EEC9E9138DF44700A80321 /* openFrameworks */ = {
			isa = PBXGroup;
			children = (
				E4EB691F138AFCF100A09F29 /* CoreOF.xcconfig */,
				E4328143138ABC890047C5CB /* openFrameworksLib.xcodeproj */,
			);
			name = openFrameworks;
			sourceTree = "<group>";
		};
		a4cc0a9083131117f4bf06a2d7879e5d /* gtc */ = {
			isa = PBXGroup;
			children = (
				63270e01676dff1a298be4bb63291cfd /* constants.hpp */,
				e1cf152a7479b4297c8a47044b23b023 /* epsilon.hpp */,
				f2909d84554a973cfb6e6f3f79a8b2bb /* matrix_access.hpp */,
				c4c4adb7c4fe0d631a65c637386f42e3 /* matrix_integer.hpp */,
				dfe8ac0cbb178380e08db1ec89e649db /* matrix_inverse.hpp */,
				690efd74abe61b43e93efaf8b6625d47 /* matrix_transform.hpp */,
				7b8be3cc4ffefab07f8c0774935c7758 /* noise.hpp */,
				6fd368350a03053787ab20190c848cdd /* packing.hpp */,
				528132b843d8dd5b3090dd678b80af6e /* quaternion.hpp */,
				7e10cb5a127b34350041f49762acd700 /* random.hpp */,
				97aed172cb0b9ebf78047152da8a4bf0 /* reciprocal.hpp */,
				57e331fa2eaa30266e460fd8d4b27822 /* type_precision.hpp */,
				add6f10df0e2372b1a751c5dc4ca9c20 /* type_ptr.hpp */,
				e0c7a88e72f956b2fc19d417d849d45d /* ulp.hpp */,
			);
			name = gtc;
			sourceTree = "<group>";
		};
		bf3f8c1eebab9191b80d603c4c40ef77 /* gtx */ = {
			isa = PBXGroup;
			children = (
				d9ebc483b96185e19ab898b329b75128 /* associated_min_max.hpp */,
				3cc283deb525fd84801de1485cc60df7 /* bit.hpp */,
				f8304c92cece6621044ba10a04d21eb8 /* closest_point.hpp */,
				799acfff3b0645bde8c46302c8bb8e65 /* color_space.hpp */,
				bf05c09bbf704cc85b5d025b691027c3 /* color_space_YCoCg.hpp */,
				49b398551b273684e3f759f7c0f91ce8 /* compatibility.hpp */,
				bc2bed3cc64dd5d50b30b6ccf2620d85 /* component_wise.hpp */,
				aa9e20a0a8225a240c46540c9d633225 /* constants.hpp */,
				0f366e5914d7e3951f3be21bcb0a10fb /* dual_quaternion.hpp */,
				7428f8c0a23dd967d518cfb67aeb4fdf /* epsilon.hpp */,
				c654375914d85fb19c8f73f0a77e3da0 /* euler_angles.hpp */,
				3a66393cd00c73d7955822aa8f3cb16e /* extend.hpp */,
				4f1e6bbfd78e758c7bbc3c062467460c /* extented_min_max.hpp */,
				2e8afd891de7aeb3bb907b52b4d20589 /* fast_exponential.hpp */,
				a7573c2c5daf3221430a29069cc881d3 /* fast_square_root.hpp */,
				1f6bed12ae88965080559b1753af6aa6 /* fast_trigonometry.hpp */,
				d5ea2ad470c828378332b02895f830e8 /* gradient_paint.hpp */,
				55cbb8892f724b8de1ffc7a6519c225a /* handed_coordinate_space.hpp */,
				f78170af6ff7c89d1d7200d2305e88d6 /* inertia.hpp */,
				b546161452d07aa2e9a857dbee6a2eee /* int_10_10_10_2.hpp */,
				52d6211f91378486829e370d532d68ba /* integer.hpp */,
				727d80251b7bef1fc8cf44437f54bfe3 /* intersect.hpp */,
				9be86235d57d9edc0a097ee3e4a8fa01 /* io.hpp */,
				30755acc1fc75ff2413b80389086c84f /* log_base.hpp */,
				324d3479ab99589900e8a155dd4b2424 /* matrix_cross_product.hpp */,
				52df7cd5cf341f40dc0e33b17174e8a7 /* matrix_interpolation.hpp */,
				c9cbb9de3449bc2d8179fe1f058ede46 /* matrix_major_storage.hpp */,
				e0232a0a7b4e00515e200808a50612c3 /* matrix_operation.hpp */,
				eb614955f61e900a88252bcbe0389e58 /* matrix_query.hpp */,
				19106182d85d96424ce4f92bdaea2ebb /* matrix_transform_2d.hpp */,
				2595970b9bc1a930bf49e0d0682b3090 /* mixed_product.hpp */,
				6bb0bcc633b12a6f5e46787dd2cdcf04 /* multiple.hpp */,
				291aaf522d88d06aad9584d8d3b4ae4c /* noise.hpp */,
				df8709345a4176394732ac3b99a6c553 /* norm.hpp */,
				67a97d818cf01a824cb467a80a422a38 /* normal.hpp */,
				9535534d185349c55d3656ed925f1d1f /* normalize_dot.hpp */,
				e9749aa2e38171205a0c7836e9982b50 /* number_precision.hpp */,
				d61f4bfb623dd7529ce5bbe5e0cffb8c /* optimum_pow.hpp */,
				428bc791b1711ffb2407dca34bb8d995 /* orthonormalize.hpp */,
				cea7d136fda29fc7582b2d8ab403827f /* perpendicular.hpp */,
				a3168fb75b12056ec86aeebeb6ecd321 /* polar_coordinates.hpp */,
				7c13a8287f973ba60c6f18bfa17b4999 /* projection.hpp */,
				3bc65d9d8c75b8e5594da119b416b8c2 /* quaternion.hpp */,
				2f6d03f0fd266d7a06581e96cff61637 /* random.hpp */,
				460e5421ab388456d4c9c1763658c624 /* raw_data.hpp */,
				e6d95de501b81e1ee73de02c2a77f9fa /* reciprocal.hpp */,
				5dd766ac1a7a377cb1868b3f540ad0a1 /* rotate_normalized_axis.hpp */,
				ecf737459ce24e04b7bcafa8b44d8144 /* rotate_vector.hpp */,
				735f5417e6ef24a197b71eb487c6e39a /* scalar_relational.hpp */,
				a1bb8fe9c5a081b4c0758a8d5cae0d3f /* simd_mat4.hpp */,
				1ec050fa4d137ccffed03f727d3e0d42 /* simd_quat.hpp */,
				55a69c24b658caf70ba14838979e047c /* simd_vec4.hpp */,
				ca571a6a8bae233885c78e810ed3283e /* spline.hpp */,
				790cbc24c2417f87dc26b0b9df65a055 /* std_based_type.hpp */,
				6f4ac82a3a6a1c1ecded9783fb31d1c0 /* string_cast.hpp */,
				775cf50856ddcca3430cd82f25a5dd45 /* transform.hpp */,
				a7939beb092ab9c7c6bfaf99c6bbe7ba /* transform2.hpp */,
				82e1be194b785969b8558d44032836f1 /* ulp.hpp */,
				52749073368f42644c7a7be7f017e63f /* unsigned_int.hpp */,
				89d9365483599c5a6ca6a1ed8a03ee87 /* vec1.hpp */,
				e7d2dfe29c196a14f3ef1bde7a15cba2 /* vector_angle.hpp */,
				3320f1ba75948a32bfe23831d1983bb4 /* vector_query.hpp */,
				9bee1b6cb2c79c240e204fcd9f508224 /* wrap.hpp */,
			);
			name = gtx;
			sourceTree = "<group>";
		};
/* End PBXGroup section */

/* Begin PBXNativeTarget section */
		E4B69B5A0A3A1756003C02F2 /* example */ = {
			isa = PBXNativeTarget;
			buildConfigurationList = E4B69B5F0A3A1757003C02F2 /* Build configuration list for PBXNativeTarget "example" */;
			buildPhases = (
				E4B69B580A3A1756003C02F2 /* Sources */,
				E4B69B590A3A1756003C02F2 /* Frameworks */,
				E4B6FFFD0C3F9AB9008CF71C /* ShellScript */,
				E4C2427710CC5ABF004149E2 /* CopyFiles */,
			);
			buildRules = (
			);
			dependencies = (
				E4EEB9AC138B136A00A80321 /* PBXTargetDependency */,
			);
			name = example;
			productName = myOFApp;
			productReference = E4B69B5B0A3A1756003C02F2 /* exampleDebug.app */;
			productType = "com.apple.product-type.application";
		};
/* End PBXNativeTarget section */

/* Begin PBXProject section */
		E4B69B4C0A3A1720003C02F2 /* Project object */ = {
			isa = PBXProject;
			attributes = {
				LastUpgradeCheck = 0460;
			};
			buildConfigurationList = E4B69B4D0A3A1720003C02F2 /* Build configuration list for PBXProject "example" */;
			compatibilityVersion = "Xcode 3.2";
			developmentRegion = English;
			hasScannedForEncodings = 0;
			knownRegions = (
				English,
				Japanese,
				French,
				German,
			);
			mainGroup = E4B69B4A0A3A1720003C02F2;
			productRefGroup = E4B69B4A0A3A1720003C02F2;
			projectDirPath = "";
			projectReferences = (
				{
					ProductGroup = E4328144138ABC890047C5CB /* Products */;
					ProjectRef = E4328143138ABC890047C5CB /* openFrameworksLib.xcodeproj */;
				},
			);
			projectRoot = "";
			targets = (
				E4B69B5A0A3A1756003C02F2 /* example */,
			);
		};
/* End PBXProject section */

/* Begin PBXReferenceProxy section */
		E4328148138ABC890047C5CB /* openFrameworksDebug.a */ = {
			isa = PBXReferenceProxy;
			fileType = archive.ar;
			path = openFrameworksDebug.a;
			remoteRef = E4328147138ABC890047C5CB /* PBXContainerItemProxy */;
			sourceTree = BUILT_PRODUCTS_DIR;
		};
/* End PBXReferenceProxy section */

/* Begin PBXShellScriptBuildPhase section */
		E4B6FFFD0C3F9AB9008CF71C /* ShellScript */ = {
			isa = PBXShellScriptBuildPhase;
			buildActionMask = 2147483647;
			files = (
			);
			inputPaths = (
			);
			outputPaths = (
			);
			runOnlyForDeploymentPostprocessing = 0;
			shellPath = /bin/sh;
			shellScript = "cp -f ../../../../../../Patricio/Desktop/openFrameworks/libs/fmodex/lib/osx/libfmodex.dylib \"$TARGET_BUILD_DIR/$PRODUCT_NAME.app/Contents/MacOS/libfmodex.dylib\"; install_name_tool -change ./libfmodex.dylib @executable_path/libfmodex.dylib \"$TARGET_BUILD_DIR/$PRODUCT_NAME.app/Contents/MacOS/$PRODUCT_NAME\";\nmkdir -p \"$TARGET_BUILD_DIR/$PRODUCT_NAME.app/Contents/Resources/\"\ncp -f \"$ICON_FILE\" \"$TARGET_BUILD_DIR/$PRODUCT_NAME.app/Contents/Resources/\"\n";
		};
/* End PBXShellScriptBuildPhase section */

/* Begin PBXSourcesBuildPhase section */
		E4B69B580A3A1756003C02F2 /* Sources */ = {
			isa = PBXSourcesBuildPhase;
			buildActionMask = 2147483647;
			files = (
				E4B69E200A3A1BDC003C02F2 /* main.cpp in Sources */,
				E4B69E210A3A1BDC003C02F2 /* ofApp.cpp in Sources */,
				d81a478266bfda2c676f055198843c9a /* ofxBundlerViewer.cpp in Sources */,
				fc1a61db01f3c9f77ad8db7fa7ac1c56 /* sfmCamera.cpp in Sources */,
				986c0eeb17621fed94ad2fd2efdbf0ba /* glm.cpp in Sources */,
			);
			runOnlyForDeploymentPostprocessing = 0;
		};
/* End PBXSourcesBuildPhase section */

/* Begin PBXTargetDependency section */
		E4EEB9AC138B136A00A80321 /* PBXTargetDependency */ = {
			isa = PBXTargetDependency;
			name = openFrameworks;
			targetProxy = E4EEB9AB138B136A00A80321 /* PBXContainerItemProxy */;
		};
/* End PBXTargetDependency section */

/* Begin XCBuildConfiguration section */
		E4B69B4E0A3A1720003C02F2 /* Debug */ = {
			isa = XCBuildConfiguration;
			baseConfigurationReference = E4EB6923138AFD0F00A09F29 /* Project.xcconfig */;
			buildSettings = {
				ARCHS = "$(NATIVE_ARCH)";
				CONFIGURATION_BUILD_DIR = "$(SRCROOT)/bin/";
				COPY_PHASE_STRIP = NO;
				DEAD_CODE_STRIPPING = YES;
				GCC_AUTO_VECTORIZATION = YES;
				GCC_ENABLE_SSE3_EXTENSIONS = YES;
				GCC_ENABLE_SUPPLEMENTAL_SSE3_INSTRUCTIONS = YES;
				GCC_INLINES_ARE_PRIVATE_EXTERN = NO;
				GCC_OPTIMIZATION_LEVEL = 0;
				GCC_SYMBOLS_PRIVATE_EXTERN = NO;
				GCC_WARN_ABOUT_DEPRECATED_FUNCTIONS = YES;
				GCC_WARN_ABOUT_INVALID_OFFSETOF_MACRO = NO;
				GCC_WARN_ALLOW_INCOMPLETE_PROTOCOL = NO;
				GCC_WARN_UNINITIALIZED_AUTOS = NO;
				GCC_WARN_UNUSED_VALUE = NO;
				GCC_WARN_UNUSED_VARIABLE = NO;
				HEADER_SEARCH_PATHS = (
					"$(OF_CORE_HEADERS)",
					src,
					../../../../../../Patricio/Desktop/openFrameworks/addons/ofxBundle/libs,
					../../../../../../Patricio/Desktop/openFrameworks/addons/ofxBundle/libs/glm,
					../../../../../../Patricio/Desktop/openFrameworks/addons/ofxBundle/libs/glm/detail,
					../../../../../../Patricio/Desktop/openFrameworks/addons/ofxBundle/libs/glm/gtc,
					../../../../../../Patricio/Desktop/openFrameworks/addons/ofxBundle/libs/glm/gtx,
					../../../../../../Patricio/Desktop/openFrameworks/addons/ofxBundle/src,
				);
				MACOSX_DEPLOYMENT_TARGET = 10.6;
				OTHER_CPLUSPLUSFLAGS = (
					"-D__MACOSX_CORE__",
					"-lpthread",
					"-mtune=native",
				);
				SDKROOT = macosx;
			};
			name = Debug;
		};
		E4B69B4F0A3A1720003C02F2 /* Release */ = {
			isa = XCBuildConfiguration;
			baseConfigurationReference = E4EB6923138AFD0F00A09F29 /* Project.xcconfig */;
			buildSettings = {
				ARCHS = "$(NATIVE_ARCH)";
				CONFIGURATION_BUILD_DIR = "$(SRCROOT)/bin/";
				COPY_PHASE_STRIP = YES;
				DEAD_CODE_STRIPPING = YES;
				GCC_AUTO_VECTORIZATION = YES;
				GCC_ENABLE_SSE3_EXTENSIONS = YES;
				GCC_ENABLE_SUPPLEMENTAL_SSE3_INSTRUCTIONS = YES;
				GCC_INLINES_ARE_PRIVATE_EXTERN = NO;
				GCC_OPTIMIZATION_LEVEL = 3;
				GCC_SYMBOLS_PRIVATE_EXTERN = NO;
				GCC_UNROLL_LOOPS = YES;
				GCC_WARN_ABOUT_DEPRECATED_FUNCTIONS = YES;
				GCC_WARN_ABOUT_INVALID_OFFSETOF_MACRO = NO;
				GCC_WARN_ALLOW_INCOMPLETE_PROTOCOL = NO;
				GCC_WARN_UNINITIALIZED_AUTOS = NO;
				GCC_WARN_UNUSED_VALUE = NO;
				GCC_WARN_UNUSED_VARIABLE = NO;
				HEADER_SEARCH_PATHS = (
					"$(OF_CORE_HEADERS)",
					src,
					../../../../../../Patricio/Desktop/openFrameworks/addons/ofxBundle/libs,
					../../../../../../Patricio/Desktop/openFrameworks/addons/ofxBundle/libs/glm,
					../../../../../../Patricio/Desktop/openFrameworks/addons/ofxBundle/libs/glm/detail,
					../../../../../../Patricio/Desktop/openFrameworks/addons/ofxBundle/libs/glm/gtc,
					../../../../../../Patricio/Desktop/openFrameworks/addons/ofxBundle/libs/glm/gtx,
					../../../../../../Patricio/Desktop/openFrameworks/addons/ofxBundle/src,
				);
				MACOSX_DEPLOYMENT_TARGET = 10.6;
				OTHER_CPLUSPLUSFLAGS = (
					"-D__MACOSX_CORE__",
					"-lpthread",
					"-mtune=native",
				);
				SDKROOT = macosx;
			};
			name = Release;
		};
		E4B69B600A3A1757003C02F2 /* Debug */ = {
			isa = XCBuildConfiguration;
			buildSettings = {
				COMBINE_HIDPI_IMAGES = YES;
				COPY_PHASE_STRIP = NO;
				FRAMEWORK_SEARCH_PATHS = (
					"$(inherited)",
					"$(FRAMEWORK_SEARCH_PATHS_QUOTED_FOR_TARGET_1)",
				);
				FRAMEWORK_SEARCH_PATHS_QUOTED_FOR_TARGET_1 = "\"$(SRCROOT)/../../../../../../Patricio/Desktop/openFrameworks/libs/glut/lib/osx\"";
				GCC_DYNAMIC_NO_PIC = NO;
				GCC_GENERATE_DEBUGGING_SYMBOLS = YES;
				GCC_MODEL_TUNING = NONE;
				ICON = "$(ICON_NAME_DEBUG)";
				ICON_FILE = "$(ICON_FILE_PATH)$(ICON)";
				INFOPLIST_FILE = "openFrameworks-Info.plist";
				INSTALL_PATH = "$(HOME)/Applications";
				LIBRARY_SEARCH_PATHS = (
					"$(inherited)",
					"$(LIBRARY_SEARCH_PATHS_QUOTED_FOR_TARGET_1)",
					"$(LIBRARY_SEARCH_PATHS_QUOTED_FOR_TARGET_2)",
					"$(LIBRARY_SEARCH_PATHS_QUOTED_FOR_TARGET_3)",
					"$(LIBRARY_SEARCH_PATHS_QUOTED_FOR_TARGET_4)",
					"$(LIBRARY_SEARCH_PATHS_QUOTED_FOR_TARGET_5)",
					"$(LIBRARY_SEARCH_PATHS_QUOTED_FOR_TARGET_6)",
					"$(LIBRARY_SEARCH_PATHS_QUOTED_FOR_TARGET_7)",
					"$(LIBRARY_SEARCH_PATHS_QUOTED_FOR_TARGET_8)",
					"$(LIBRARY_SEARCH_PATHS_QUOTED_FOR_TARGET_9)",
					"$(LIBRARY_SEARCH_PATHS_QUOTED_FOR_TARGET_10)",
					"$(LIBRARY_SEARCH_PATHS_QUOTED_FOR_TARGET_11)",
					"$(LIBRARY_SEARCH_PATHS_QUOTED_FOR_TARGET_12)",
					"$(LIBRARY_SEARCH_PATHS_QUOTED_FOR_TARGET_13)",
					"$(LIBRARY_SEARCH_PATHS_QUOTED_FOR_TARGET_14)",
					"$(LIBRARY_SEARCH_PATHS_QUOTED_FOR_TARGET_15)",
					"$(LIBRARY_SEARCH_PATHS_QUOTED_FOR_TARGET_2)",
					"$(LIBRARY_SEARCH_PATHS_QUOTED_FOR_TARGET_3)",
					"$(LIBRARY_SEARCH_PATHS_QUOTED_FOR_TARGET_7)",
					"$(LIBRARY_SEARCH_PATHS_QUOTED_FOR_TARGET_8)",
					"$(LIBRARY_SEARCH_PATHS_QUOTED_FOR_TARGET_9)",
					"$(LIBRARY_SEARCH_PATHS_QUOTED_FOR_TARGET_10)",
					"$(LIBRARY_SEARCH_PATHS_QUOTED_FOR_TARGET_11)",
					"$(LIBRARY_SEARCH_PATHS_QUOTED_FOR_TARGET_12)",
					"$(LIBRARY_SEARCH_PATHS_QUOTED_FOR_TARGET_13)",
					"$(LIBRARY_SEARCH_PATHS_QUOTED_FOR_TARGET_16)",
					"$(LIBRARY_SEARCH_PATHS_QUOTED_FOR_TARGET_17)",
					"$(LIBRARY_SEARCH_PATHS_QUOTED_FOR_TARGET_18)",
					"$(LIBRARY_SEARCH_PATHS_QUOTED_FOR_TARGET_19)",
					"$(LIBRARY_SEARCH_PATHS_QUOTED_FOR_TARGET_20)",
					"$(LIBRARY_SEARCH_PATHS_QUOTED_FOR_TARGET_21)",
					"$(LIBRARY_SEARCH_PATHS_QUOTED_FOR_TARGET_22)",
					"$(LIBRARY_SEARCH_PATHS_QUOTED_FOR_TARGET_23)",
					"$(LIBRARY_SEARCH_PATHS_QUOTED_FOR_TARGET_24)",
					"$(LIBRARY_SEARCH_PATHS_QUOTED_FOR_TARGET_25)",
					"$(LIBRARY_SEARCH_PATHS_QUOTED_FOR_TARGET_26)",
					"$(LIBRARY_SEARCH_PATHS_QUOTED_FOR_TARGET_27)",
					"$(LIBRARY_SEARCH_PATHS_QUOTED_FOR_TARGET_28)",
					"$(LIBRARY_SEARCH_PATHS_QUOTED_FOR_TARGET_29)",
					"$(LIBRARY_SEARCH_PATHS_QUOTED_FOR_TARGET_30)",
					"$(LIBRARY_SEARCH_PATHS_QUOTED_FOR_TARGET_31)",
					"$(LIBRARY_SEARCH_PATHS_QUOTED_FOR_TARGET_32)",
					"$(LIBRARY_SEARCH_PATHS_QUOTED_FOR_TARGET_33)",
					"$(LIBRARY_SEARCH_PATHS_QUOTED_FOR_TARGET_34)",
					"$(LIBRARY_SEARCH_PATHS_QUOTED_FOR_TARGET_35)",
					"$(LIBRARY_SEARCH_PATHS_QUOTED_FOR_TARGET_36)",
					"$(LIBRARY_SEARCH_PATHS_QUOTED_FOR_TARGET_37)",
					"$(LIBRARY_SEARCH_PATHS_QUOTED_FOR_TARGET_38)",
					"$(LIBRARY_SEARCH_PATHS_QUOTED_FOR_TARGET_39)",
					"$(LIBRARY_SEARCH_PATHS_QUOTED_FOR_TARGET_40)",
					"$(LIBRARY_SEARCH_PATHS_QUOTED_FOR_TARGET_41)",
					"$(LIBRARY_SEARCH_PATHS_QUOTED_FOR_TARGET_42)",
					"$(LIBRARY_SEARCH_PATHS_QUOTED_FOR_TARGET_43)",
					"$(LIBRARY_SEARCH_PATHS_QUOTED_FOR_TARGET_44)",
					"$(LIBRARY_SEARCH_PATHS_QUOTED_FOR_TARGET_45)",
					"$(LIBRARY_SEARCH_PATHS_QUOTED_FOR_TARGET_46)",
					"$(LIBRARY_SEARCH_PATHS_QUOTED_FOR_TARGET_47)",
					"$(LIBRARY_SEARCH_PATHS_QUOTED_FOR_TARGET_48)",
					"$(LIBRARY_SEARCH_PATHS_QUOTED_FOR_TARGET_49)",
					"$(LIBRARY_SEARCH_PATHS_QUOTED_FOR_TARGET_50)",
					"$(LIBRARY_SEARCH_PATHS_QUOTED_FOR_TARGET_51)",
					"$(LIBRARY_SEARCH_PATHS_QUOTED_FOR_TARGET_52)",
				);
				PRODUCT_NAME = "$(TARGET_NAME)Debug";
				WRAPPER_EXTENSION = app;
			};
			name = Debug;
		};
		E4B69B610A3A1757003C02F2 /* Release */ = {
			isa = XCBuildConfiguration;
			buildSettings = {
				COMBINE_HIDPI_IMAGES = YES;
				COPY_PHASE_STRIP = YES;
				FRAMEWORK_SEARCH_PATHS = (
					"$(inherited)",
					"$(FRAMEWORK_SEARCH_PATHS_QUOTED_FOR_TARGET_1)",
				);
				FRAMEWORK_SEARCH_PATHS_QUOTED_FOR_TARGET_1 = "\"$(SRCROOT)/../../../../../../Patricio/Desktop/openFrameworks/libs/glut/lib/osx\"";
				GCC_GENERATE_DEBUGGING_SYMBOLS = YES;
				GCC_MODEL_TUNING = NONE;
				ICON = "$(ICON_NAME_RELEASE)";
				ICON_FILE = "$(ICON_FILE_PATH)$(ICON)";
				INFOPLIST_FILE = "openFrameworks-Info.plist";
				INSTALL_PATH = "$(HOME)/Applications";
				LIBRARY_SEARCH_PATHS = (
					"$(inherited)",
					"$(LIBRARY_SEARCH_PATHS_QUOTED_FOR_TARGET_1)",
					"$(LIBRARY_SEARCH_PATHS_QUOTED_FOR_TARGET_2)",
					"$(LIBRARY_SEARCH_PATHS_QUOTED_FOR_TARGET_3)",
					"$(LIBRARY_SEARCH_PATHS_QUOTED_FOR_TARGET_4)",
					"$(LIBRARY_SEARCH_PATHS_QUOTED_FOR_TARGET_5)",
					"$(LIBRARY_SEARCH_PATHS_QUOTED_FOR_TARGET_6)",
					"$(LIBRARY_SEARCH_PATHS_QUOTED_FOR_TARGET_7)",
					"$(LIBRARY_SEARCH_PATHS_QUOTED_FOR_TARGET_8)",
					"$(LIBRARY_SEARCH_PATHS_QUOTED_FOR_TARGET_9)",
					"$(LIBRARY_SEARCH_PATHS_QUOTED_FOR_TARGET_10)",
					"$(LIBRARY_SEARCH_PATHS_QUOTED_FOR_TARGET_11)",
					"$(LIBRARY_SEARCH_PATHS_QUOTED_FOR_TARGET_12)",
					"$(LIBRARY_SEARCH_PATHS_QUOTED_FOR_TARGET_13)",
					"$(LIBRARY_SEARCH_PATHS_QUOTED_FOR_TARGET_14)",
					"$(LIBRARY_SEARCH_PATHS_QUOTED_FOR_TARGET_15)",
					"$(LIBRARY_SEARCH_PATHS_QUOTED_FOR_TARGET_2)",
					"$(LIBRARY_SEARCH_PATHS_QUOTED_1)",
					"$(LIBRARY_SEARCH_PATHS_QUOTED_FOR_TARGET_3)",
					"$(LIBRARY_SEARCH_PATHS_QUOTED_FOR_TARGET_7)",
					"$(LIBRARY_SEARCH_PATHS_QUOTED_FOR_TARGET_8)",
					"$(LIBRARY_SEARCH_PATHS_QUOTED_FOR_TARGET_9)",
					"$(LIBRARY_SEARCH_PATHS_QUOTED_FOR_TARGET_10)",
					"$(LIBRARY_SEARCH_PATHS_QUOTED_FOR_TARGET_11)",
					"$(LIBRARY_SEARCH_PATHS_QUOTED_FOR_TARGET_12)",
					"$(LIBRARY_SEARCH_PATHS_QUOTED_FOR_TARGET_13)",
					"$(LIBRARY_SEARCH_PATHS_QUOTED_FOR_TARGET_16)",
					"$(LIBRARY_SEARCH_PATHS_QUOTED_FOR_TARGET_17)",
					"$(LIBRARY_SEARCH_PATHS_QUOTED_FOR_TARGET_18)",
					"$(LIBRARY_SEARCH_PATHS_QUOTED_FOR_TARGET_19)",
					"$(LIBRARY_SEARCH_PATHS_QUOTED_FOR_TARGET_20)",
					"$(LIBRARY_SEARCH_PATHS_QUOTED_FOR_TARGET_21)",
					"$(LIBRARY_SEARCH_PATHS_QUOTED_FOR_TARGET_22)",
					"$(LIBRARY_SEARCH_PATHS_QUOTED_FOR_TARGET_23)",
					"$(LIBRARY_SEARCH_PATHS_QUOTED_FOR_TARGET_24)",
					"$(LIBRARY_SEARCH_PATHS_QUOTED_FOR_TARGET_25)",
					"$(LIBRARY_SEARCH_PATHS_QUOTED_FOR_TARGET_26)",
					"$(LIBRARY_SEARCH_PATHS_QUOTED_FOR_TARGET_27)",
					"$(LIBRARY_SEARCH_PATHS_QUOTED_FOR_TARGET_28)",
					"$(LIBRARY_SEARCH_PATHS_QUOTED_FOR_TARGET_29)",
					"$(LIBRARY_SEARCH_PATHS_QUOTED_FOR_TARGET_30)",
					"$(LIBRARY_SEARCH_PATHS_QUOTED_FOR_TARGET_31)",
					"$(LIBRARY_SEARCH_PATHS_QUOTED_FOR_TARGET_32)",
					"$(LIBRARY_SEARCH_PATHS_QUOTED_FOR_TARGET_33)",
					"$(LIBRARY_SEARCH_PATHS_QUOTED_FOR_TARGET_34)",
					"$(LIBRARY_SEARCH_PATHS_QUOTED_FOR_TARGET_35)",
					"$(LIBRARY_SEARCH_PATHS_QUOTED_FOR_TARGET_36)",
					"$(LIBRARY_SEARCH_PATHS_QUOTED_FOR_TARGET_37)",
					"$(LIBRARY_SEARCH_PATHS_QUOTED_FOR_TARGET_38)",
					"$(LIBRARY_SEARCH_PATHS_QUOTED_FOR_TARGET_39)",
					"$(LIBRARY_SEARCH_PATHS_QUOTED_FOR_TARGET_40)",
					"$(LIBRARY_SEARCH_PATHS_QUOTED_FOR_TARGET_41)",
					"$(LIBRARY_SEARCH_PATHS_QUOTED_FOR_TARGET_42)",
					"$(LIBRARY_SEARCH_PATHS_QUOTED_FOR_TARGET_43)",
					"$(LIBRARY_SEARCH_PATHS_QUOTED_FOR_TARGET_44)",
					"$(LIBRARY_SEARCH_PATHS_QUOTED_FOR_TARGET_45)",
					"$(LIBRARY_SEARCH_PATHS_QUOTED_FOR_TARGET_46)",
					"$(LIBRARY_SEARCH_PATHS_QUOTED_FOR_TARGET_47)",
					"$(LIBRARY_SEARCH_PATHS_QUOTED_FOR_TARGET_48)",
					"$(LIBRARY_SEARCH_PATHS_QUOTED_FOR_TARGET_49)",
					"$(LIBRARY_SEARCH_PATHS_QUOTED_FOR_TARGET_50)",
					"$(LIBRARY_SEARCH_PATHS_QUOTED_FOR_TARGET_51)",
				);
				PRODUCT_NAME = "$(TARGET_NAME)";
				WRAPPER_EXTENSION = app;
			};
			name = Release;
		};
/* End XCBuildConfiguration section */

/* Begin XCConfigurationList section */
		E4B69B4D0A3A1720003C02F2 /* Build configuration list for PBXProject "example" */ = {
			isa = XCConfigurationList;
			buildConfigurations = (
				E4B69B4E0A3A1720003C02F2 /* Debug */,
				E4B69B4F0A3A1720003C02F2 /* Release */,
			);
			defaultConfigurationIsVisible = 0;
			defaultConfigurationName = Release;
		};
		E4B69B5F0A3A1757003C02F2 /* Build configuration list for PBXNativeTarget "example" */ = {
			isa = XCConfigurationList;
			buildConfigurations = (
				E4B69B600A3A1757003C02F2 /* Debug */,
				E4B69B610A3A1757003C02F2 /* Release */,
			);
			defaultConfigurationIsVisible = 0;
			defaultConfigurationName = Release;
		};
/* End XCConfigurationList section */
	};
	rootObject = E4B69B4C0A3A1720003C02F2 /* Project object */;
}
